// !$*UTF8*$!
{
	archiveVersion = 1;
	classes = {
	};
	objectVersion = 46;
	objects = {

/* Begin PBXAggregateTarget section */
		277D8ED6211ABD6EE003EF23 /* GuitarAmpPlugin - All */ = {
			isa = PBXAggregateTarget;
			buildConfigurationList = B528F4B37853F15AF2D58F35;
			buildPhases = (
			);
			dependencies = (
				93D150774F42F082F08C38C1,
				F0C28FED50B33E550B72CD18,
				A3A53653BB108B18B297EF46,
				FFCD7F3485975249F5098F61,
			);
			name = "GuitarAmpPlugin - All";
			productName = GuitarAmpPlugin;
		};
/* End PBXAggregateTarget section */

/* Begin PBXBuildFile section */
		02E12AB4084FA9AD6DFB653A /* PluginProcessor.cpp */ = {isa = PBXBuildFile; fileRef = 733B148CAA832FAA07D5C629; };
		0841E9018AB6C6D8DA79E1DF /* WebKit.framework */ = {isa = PBXBuildFile; fileRef = E439AEE1AF4B7D57CC832F2D; };
		0BC8A6EE5E8597A8AF491EB8 /* include_juce_audio_formats.mm */ = {isa = PBXBuildFile; fileRef = 18A5CFC9B2F6A3DAD0B2D622; };
		0BF7ED8DC363F6CFEB68E016 /* Carbon.framework */ = {isa = PBXBuildFile; fileRef = E2282844E82DDC3E18EFA265; };
		0F7152E305CA3D4106D61F18 /* include_juce_audio_plugin_client_Standalone.cpp */ = {isa = PBXBuildFile; fileRef = AF722EF33FCF801EC89147BD; };
		119F6F88D2069BE06013DE8C /* include_juce_audio_plugin_client_AU_1.mm */ = {isa = PBXBuildFile; fileRef = 7ED41DCE52FD7D154A203E3B; };
		1267E586B2EEB1F78C64F93B /* AU */ = {isa = PBXBuildFile; fileRef = 602DFD6AFC8DAB908A903FE2; };
		17D8910ACD96715F60EC3AA8 /* RecentFilesMenuTemplate.nib */ = {isa = PBXBuildFile; fileRef = A99F1B774A292AEF669D6281; };
		1DA1A21F5E425879864400B2 /* PluginEditor.cpp */ = {isa = PBXBuildFile; fileRef = 56845CB1360113B072A8C37A; };
		2C0F56CB5364F5355FC26E80 /* include_juce_graphics.mm */ = {isa = PBXBuildFile; fileRef = 0C480657C0EBEF0A1AFD262F; };
		38837BD747BD9B53D2108759 /* include_juce_audio_devices.mm */ = {isa = PBXBuildFile; fileRef = 2D1BCF8A0DC0D8E2F34C8B4D; };
		49D425DD3B45D3323B89E96F /* include_juce_audio_plugin_client_VST3.cpp */ = {isa = PBXBuildFile; fileRef = 5DE0AB2B7B321E924188C34A; };
		4D0ED61CE05EEFB3D40E8FA8 /* include_juce_core.mm */ = {isa = PBXBuildFile; fileRef = 0A9960BEEC3E63160852B4F8; };
		537B3F016185A6785C29D13D /* include_juce_audio_plugin_client_VST_utils.mm */ = {isa = PBXBuildFile; fileRef = DC11513AFD11951F0B93C1B5; };
		543A0782EE19065CCE119002 /* include_juce_gui_basics.mm */ = {isa = PBXBuildFile; fileRef = 1CCE5D11E0A0DC16438382C0; };
		574649E04DC78C18388BD6D4 /* Accelerate.framework */ = {isa = PBXBuildFile; fileRef = 1660EFCFF1D9582173E3B0A7; };
		64A2A49D19F7963F2FC67322 /* AudioToolbox.framework */ = {isa = PBXBuildFile; fileRef = AFFC05782C8FB89C0B452884; };
		6AEAC86733DB21219AC71250 /* Foundation.framework */ = {isa = PBXBuildFile; fileRef = E41D83B35977E59EE0750998; };
		6FCDAEC9721F6FC31C57BBF1 /* CoreAudio.framework */ = {isa = PBXBuildFile; fileRef = BD8163B5068822D2D40FCD15; };
		7C572D4D04CA1C99F21828A9 /* include_juce_audio_processors.mm */ = {isa = PBXBuildFile; fileRef = 48DAF54BC9712245139773D1; };
		82FD432606103B123401FA39 /* include_juce_audio_utils.mm */ = {isa = PBXBuildFile; fileRef = CDADE09F6BEA9588543F82BD; };
		968C43C7EDB454766598E8CC /* include_juce_audio_plugin_client_AU_2.mm */ = {isa = PBXBuildFile; fileRef = 1EA7E1E3C7D51149964FD231; };
		9AE91AE8BF2F21495311CBE3 /* Standalone Plugin */ = {isa = PBXBuildFile; fileRef = EEB1F9F082B1456F458BAA04; };
		9E804D6B7E60FF55D1E4E8ED /* include_juce_events.mm */ = {isa = PBXBuildFile; fileRef = 9171C35E1AA9F811E1E80547; };
		A1B5A66F12BFFE71AE7DC596 /* include_juce_audio_basics.mm */ = {isa = PBXBuildFile; fileRef = 3AA14A5A8D486263C7D54FC6; };
		A9BAD4077F5184B9CE646A60 /* VST3 */ = {isa = PBXBuildFile; fileRef = 066122C865281510FCEA346D; };
		B2601F6186E740A6A4BC9297 /* IOKit.framework */ = {isa = PBXBuildFile; fileRef = 0FE0D72DDE7F67386A4B1FFF; };
		C396BED8760069C90BBCF762 /* QuartzCore.framework */ = {isa = PBXBuildFile; fileRef = B6B4758AAFF079C85E3A0337; };
		CB446BFB6DCD8D50CD5D6CA2 /* include_juce_gui_extra.mm */ = {isa = PBXBuildFile; fileRef = 608E1121381F5DCFED753130; };
		CCC047D795D916A6A3FA2F7F /* DiscRecording.framework */ = {isa = PBXBuildFile; fileRef = BCF8BB3D7C35747E2A76F00C; };
		CD7436B68F378C17CBDB9C49 /* CoreAudioKit.framework */ = {isa = PBXBuildFile; fileRef = 7EEE724E1EF940AC00B420B1; };
		CF6C8D8FD86B44B1E1F07CDA /* include_juce_audio_plugin_client_utils.cpp */ = {isa = PBXBuildFile; fileRef = 9581A7F861BD6D47A73A8532; };
		D1BEF6D3BFAE0EEC587B0E2D /* include_juce_data_structures.mm */ = {isa = PBXBuildFile; fileRef = F5ACC82BB68AFD166B66CE0E; };
		D413A0993693CE344AFEA5D6 /* Cocoa.framework */ = {isa = PBXBuildFile; fileRef = 6C4DC7901451D67FD0B4A54C; };
		EC2723FC9C0B77AB0A4C1538 /* CoreMIDI.framework */ = {isa = PBXBuildFile; fileRef = 76ECE47988B61B731ADB1533; };
		F0C3E75B961B85CE2ED2033A /* AudioUnit.framework */ = {isa = PBXBuildFile; fileRef = 84437A56130C2FFA8DE6F034; };
		F30D22983704C37B7B907B7C /* include_juce_audio_plugin_client_AU.r */ = {isa = PBXBuildFile; fileRef = 27835BCDBA3B000D14044CEB; };
		F33F0D171BCEE17B8C68ED9B /* Shared Code */ = {isa = PBXBuildFile; fileRef = 2AA1005881FB4199A5098960; };
/* End PBXBuildFile section */

/* Begin PBXFileReference section */
		066122C865281510FCEA346D /* VST3 */ = {isa = PBXFileReference; explicitFileType = wrapper.cfbundle; includeInIndex = 0; path = GuitarAmpPlugin.vst3; sourceTree = BUILT_PRODUCTS_DIR; };
		0A9960BEEC3E63160852B4F8 /* include_juce_core.mm */ /* include_juce_core.mm */ = {isa = PBXFileReference; lastKnownFileType = sourcecode.cpp.objcpp; name = include_juce_core.mm; path = ../../JuceLibraryCode/include_juce_core.mm; sourceTree = SOURCE_ROOT; };
		0C480657C0EBEF0A1AFD262F /* include_juce_graphics.mm */ /* include_juce_graphics.mm */ = {isa = PBXFileReference; lastKnownFileType = sourcecode.cpp.objcpp; name = include_juce_graphics.mm; path = ../../JuceLibraryCode/include_juce_graphics.mm; sourceTree = SOURCE_ROOT; };
		0FE0D72DDE7F67386A4B1FFF /* IOKit.framework */ /* IOKit.framework */ = {isa = PBXFileReference; lastKnownFileType = wrapper.framework; name = IOKit.framework; path = System/Library/Frameworks/IOKit.framework; sourceTree = SDKROOT; };
		1660EFCFF1D9582173E3B0A7 /* Accelerate.framework */ /* Accelerate.framework */ = {isa = PBXFileReference; lastKnownFileType = wrapper.framework; name = Accelerate.framework; path = System/Library/Frameworks/Accelerate.framework; sourceTree = SDKROOT; };
		18A5CFC9B2F6A3DAD0B2D622 /* include_juce_audio_formats.mm */ /* include_juce_audio_formats.mm */ = {isa = PBXFileReference; lastKnownFileType = sourcecode.cpp.objcpp; name = include_juce_audio_formats.mm; path = ../../JuceLibraryCode/include_juce_audio_formats.mm; sourceTree = SOURCE_ROOT; };
		1CCE5D11E0A0DC16438382C0 /* include_juce_gui_basics.mm */ /* include_juce_gui_basics.mm */ = {isa = PBXFileReference; lastKnownFileType = sourcecode.cpp.objcpp; name = include_juce_gui_basics.mm; path = ../../JuceLibraryCode/include_juce_gui_basics.mm; sourceTree = SOURCE_ROOT; };
		1EA7E1E3C7D51149964FD231 /* include_juce_audio_plugin_client_AU_2.mm */ /* include_juce_audio_plugin_client_AU_2.mm */ = {isa = PBXFileReference; lastKnownFileType = sourcecode.cpp.objcpp; name = include_juce_audio_plugin_client_AU_2.mm; path = ../../JuceLibraryCode/include_juce_audio_plugin_client_AU_2.mm; sourceTree = SOURCE_ROOT; };
		27835BCDBA3B000D14044CEB /* include_juce_audio_plugin_client_AU.r */ /* include_juce_audio_plugin_client_AU.r */ = {isa = PBXFileReference; lastKnownFileType = file.r; name = include_juce_audio_plugin_client_AU.r; path = ../../JuceLibraryCode/include_juce_audio_plugin_client_AU.r; sourceTree = SOURCE_ROOT; };
		2814368C961AF5A3E2E68D90 /* juce_events */ /* juce_events */ = {isa = PBXFileReference; lastKnownFileType = folder; name = juce_events; path = /Users/vedant/Desktop/Programming/JUCE/modules/juce_events; sourceTree = "<absolute>"; };
		2AA1005881FB4199A5098960 /* Shared Code */ = {isa = PBXFileReference; explicitFileType = archive.ar; includeInIndex = 0; path = libGuitarAmpPlugin.a; sourceTree = BUILT_PRODUCTS_DIR; };
		2D1BCF8A0DC0D8E2F34C8B4D /* include_juce_audio_devices.mm */ /* include_juce_audio_devices.mm */ = {isa = PBXFileReference; lastKnownFileType = sourcecode.cpp.objcpp; name = include_juce_audio_devices.mm; path = ../../JuceLibraryCode/include_juce_audio_devices.mm; sourceTree = SOURCE_ROOT; };
		31ECC3FE63BA9BDB6DE586A7 /* JucePluginDefines.h */ /* JucePluginDefines.h */ = {isa = PBXFileReference; lastKnownFileType = sourcecode.c.h; name = JucePluginDefines.h; path = ../../JuceLibraryCode/JucePluginDefines.h; sourceTree = SOURCE_ROOT; };
		3430FC6CE4C6FCA8AA83A28A /* PluginEditor.h */ /* PluginEditor.h */ = {isa = PBXFileReference; lastKnownFileType = sourcecode.c.h; name = PluginEditor.h; path = ../../Source/PluginEditor.h; sourceTree = SOURCE_ROOT; };
		3AA14A5A8D486263C7D54FC6 /* include_juce_audio_basics.mm */ /* include_juce_audio_basics.mm */ = {isa = PBXFileReference; lastKnownFileType = sourcecode.cpp.objcpp; name = include_juce_audio_basics.mm; path = ../../JuceLibraryCode/include_juce_audio_basics.mm; sourceTree = SOURCE_ROOT; };
		48DAF54BC9712245139773D1 /* include_juce_audio_processors.mm */ /* include_juce_audio_processors.mm */ = {isa = PBXFileReference; lastKnownFileType = sourcecode.cpp.objcpp; name = include_juce_audio_processors.mm; path = ../../JuceLibraryCode/include_juce_audio_processors.mm; sourceTree = SOURCE_ROOT; };
		56845CB1360113B072A8C37A /* PluginEditor.cpp */ /* PluginEditor.cpp */ = {isa = PBXFileReference; lastKnownFileType = sourcecode.cpp.cpp; name = PluginEditor.cpp; path = ../../Source/PluginEditor.cpp; sourceTree = SOURCE_ROOT; };
		56C74C3FFE039039922F11BD /* juce_audio_formats */ /* juce_audio_formats */ = {isa = PBXFileReference; lastKnownFileType = folder; name = juce_audio_formats; path = /Users/vedant/Desktop/Programming/JUCE/modules/juce_audio_formats; sourceTree = "<absolute>"; };
		5708F13D59549B3C4D282574 /* juce_gui_basics */ /* juce_gui_basics */ = {isa = PBXFileReference; lastKnownFileType = folder; name = juce_gui_basics; path = /Users/vedant/Desktop/Programming/JUCE/modules/juce_gui_basics; sourceTree = "<absolute>"; };
		5B76C11B42511BF42218F2C2 /* Info-VST3.plist */ /* Info-VST3.plist */ = {isa = PBXFileReference; lastKnownFileType = text.plist.xml; name = "Info-VST3.plist"; path = "Info-VST3.plist"; sourceTree = SOURCE_ROOT; };
		5DE0AB2B7B321E924188C34A /* include_juce_audio_plugin_client_VST3.cpp */ /* include_juce_audio_plugin_client_VST3.cpp */ = {isa = PBXFileReference; lastKnownFileType = sourcecode.cpp.cpp; name = include_juce_audio_plugin_client_VST3.cpp; path = ../../JuceLibraryCode/include_juce_audio_plugin_client_VST3.cpp; sourceTree = SOURCE_ROOT; };
		602DFD6AFC8DAB908A903FE2 /* AU */ = {isa = PBXFileReference; explicitFileType = wrapper.cfbundle; includeInIndex = 0; path = GuitarAmpPlugin.component; sourceTree = BUILT_PRODUCTS_DIR; };
		608E1121381F5DCFED753130 /* include_juce_gui_extra.mm */ /* include_juce_gui_extra.mm */ = {isa = PBXFileReference; lastKnownFileType = sourcecode.cpp.objcpp; name = include_juce_gui_extra.mm; path = ../../JuceLibraryCode/include_juce_gui_extra.mm; sourceTree = SOURCE_ROOT; };
		6AAEE1B83ED266053D242BB3 /* juce_gui_extra */ /* juce_gui_extra */ = {isa = PBXFileReference; lastKnownFileType = folder; name = juce_gui_extra; path = /Users/vedant/Desktop/Programming/JUCE/modules/juce_gui_extra; sourceTree = "<absolute>"; };
		6C4DC7901451D67FD0B4A54C /* Cocoa.framework */ /* Cocoa.framework */ = {isa = PBXFileReference; lastKnownFileType = wrapper.framework; name = Cocoa.framework; path = System/Library/Frameworks/Cocoa.framework; sourceTree = SDKROOT; };
		6C7785E7AA6D6F6B5D965454 /* juce_audio_basics */ /* juce_audio_basics */ = {isa = PBXFileReference; lastKnownFileType = folder; name = juce_audio_basics; path = /Users/vedant/Desktop/Programming/JUCE/modules/juce_audio_basics; sourceTree = "<absolute>"; };
		70BC527083675695044AB067 /* juce_audio_processors */ /* juce_audio_processors */ = {isa = PBXFileReference; lastKnownFileType = folder; name = juce_audio_processors; path = /Users/vedant/Desktop/Programming/JUCE/modules/juce_audio_processors; sourceTree = "<absolute>"; };
		733B148CAA832FAA07D5C629 /* PluginProcessor.cpp */ /* PluginProcessor.cpp */ = {isa = PBXFileReference; lastKnownFileType = sourcecode.cpp.cpp; name = PluginProcessor.cpp; path = ../../Source/PluginProcessor.cpp; sourceTree = SOURCE_ROOT; };
		76ECE47988B61B731ADB1533 /* CoreMIDI.framework */ /* CoreMIDI.framework */ = {isa = PBXFileReference; lastKnownFileType = wrapper.framework; name = CoreMIDI.framework; path = System/Library/Frameworks/CoreMIDI.framework; sourceTree = SDKROOT; };
		7B3A3790A641C0C11E565440 /* juce_graphics */ /* juce_graphics */ = {isa = PBXFileReference; lastKnownFileType = folder; name = juce_graphics; path = /Users/vedant/Desktop/Programming/JUCE/modules/juce_graphics; sourceTree = "<absolute>"; };
		7ED41DCE52FD7D154A203E3B /* include_juce_audio_plugin_client_AU_1.mm */ /* include_juce_audio_plugin_client_AU_1.mm */ = {isa = PBXFileReference; lastKnownFileType = sourcecode.cpp.objcpp; name = include_juce_audio_plugin_client_AU_1.mm; path = ../../JuceLibraryCode/include_juce_audio_plugin_client_AU_1.mm; sourceTree = SOURCE_ROOT; };
		7EEE724E1EF940AC00B420B1 /* CoreAudioKit.framework */ /* CoreAudioKit.framework */ = {isa = PBXFileReference; lastKnownFileType = wrapper.framework; name = CoreAudioKit.framework; path = System/Library/Frameworks/CoreAudioKit.framework; sourceTree = SDKROOT; };
		84437A56130C2FFA8DE6F034 /* AudioUnit.framework */ /* AudioUnit.framework */ = {isa = PBXFileReference; lastKnownFileType = wrapper.framework; name = AudioUnit.framework; path = System/Library/Frameworks/AudioUnit.framework; sourceTree = SDKROOT; };
		8D1F4EFF4C7E578A476F71E2 /* juce_audio_utils */ /* juce_audio_utils */ = {isa = PBXFileReference; lastKnownFileType = folder; name = juce_audio_utils; path = /Users/vedant/Desktop/Programming/JUCE/modules/juce_audio_utils; sourceTree = "<absolute>"; };
		9171C35E1AA9F811E1E80547 /* include_juce_events.mm */ /* include_juce_events.mm */ = {isa = PBXFileReference; lastKnownFileType = sourcecode.cpp.objcpp; name = include_juce_events.mm; path = ../../JuceLibraryCode/include_juce_events.mm; sourceTree = SOURCE_ROOT; };
		9581A7F861BD6D47A73A8532 /* include_juce_audio_plugin_client_utils.cpp */ /* include_juce_audio_plugin_client_utils.cpp */ = {isa = PBXFileReference; lastKnownFileType = sourcecode.cpp.cpp; name = include_juce_audio_plugin_client_utils.cpp; path = ../../JuceLibraryCode/include_juce_audio_plugin_client_utils.cpp; sourceTree = SOURCE_ROOT; };
		A99F1B774A292AEF669D6281 /* RecentFilesMenuTemplate.nib */ /* RecentFilesMenuTemplate.nib */ = {isa = PBXFileReference; lastKnownFileType = file.nib; name = RecentFilesMenuTemplate.nib; path = RecentFilesMenuTemplate.nib; sourceTree = SOURCE_ROOT; };
		AB1D399A4D24B3FA2527B24A /* juce_data_structures */ /* juce_data_structures */ = {isa = PBXFileReference; lastKnownFileType = folder; name = juce_data_structures; path = /Users/vedant/Desktop/Programming/JUCE/modules/juce_data_structures; sourceTree = "<absolute>"; };
		AF722EF33FCF801EC89147BD /* include_juce_audio_plugin_client_Standalone.cpp */ /* include_juce_audio_plugin_client_Standalone.cpp */ = {isa = PBXFileReference; lastKnownFileType = sourcecode.cpp.cpp; name = include_juce_audio_plugin_client_Standalone.cpp; path = ../../JuceLibraryCode/include_juce_audio_plugin_client_Standalone.cpp; sourceTree = SOURCE_ROOT; };
		AFFC05782C8FB89C0B452884 /* AudioToolbox.framework */ /* AudioToolbox.framework */ = {isa = PBXFileReference; lastKnownFileType = wrapper.framework; name = AudioToolbox.framework; path = System/Library/Frameworks/AudioToolbox.framework; sourceTree = SDKROOT; };
		B5C1837B93C708DC472EF3DC /* juce_core */ /* juce_core */ = {isa = PBXFileReference; lastKnownFileType = folder; name = juce_core; path = /Users/vedant/Desktop/Programming/JUCE/modules/juce_core; sourceTree = "<absolute>"; };
		B6B4758AAFF079C85E3A0337 /* QuartzCore.framework */ /* QuartzCore.framework */ = {isa = PBXFileReference; lastKnownFileType = wrapper.framework; name = QuartzCore.framework; path = System/Library/Frameworks/QuartzCore.framework; sourceTree = SDKROOT; };
		BB99445C73A972EA519DC94C /* PluginProcessor.h */ /* PluginProcessor.h */ = {isa = PBXFileReference; lastKnownFileType = sourcecode.c.h; name = PluginProcessor.h; path = ../../Source/PluginProcessor.h; sourceTree = SOURCE_ROOT; };
		BCF8BB3D7C35747E2A76F00C /* DiscRecording.framework */ /* DiscRecording.framework */ = {isa = PBXFileReference; lastKnownFileType = wrapper.framework; name = DiscRecording.framework; path = System/Library/Frameworks/DiscRecording.framework; sourceTree = SDKROOT; };
		BD2EBBE24FD5C76BDA45F664 /* Info-AU.plist */ /* Info-AU.plist */ = {isa = PBXFileReference; lastKnownFileType = text.plist.xml; name = "Info-AU.plist"; path = "Info-AU.plist"; sourceTree = SOURCE_ROOT; };
		BD8163B5068822D2D40FCD15 /* CoreAudio.framework */ /* CoreAudio.framework */ = {isa = PBXFileReference; lastKnownFileType = wrapper.framework; name = CoreAudio.framework; path = System/Library/Frameworks/CoreAudio.framework; sourceTree = SDKROOT; };
		BF0B44FD306BA1BFFE194B13 /* juce_audio_devices */ /* juce_audio_devices */ = {isa = PBXFileReference; lastKnownFileType = folder; name = juce_audio_devices; path = /Users/vedant/Desktop/Programming/JUCE/modules/juce_audio_devices; sourceTree = "<absolute>"; };
		CA2F242E33CF5048CC1C6C63 /* Info-Standalone_Plugin.plist */ /* Info-Standalone_Plugin.plist */ = {isa = PBXFileReference; lastKnownFileType = text.plist.xml; name = "Info-Standalone_Plugin.plist"; path = "Info-Standalone_Plugin.plist"; sourceTree = SOURCE_ROOT; };
		CDADE09F6BEA9588543F82BD /* include_juce_audio_utils.mm */ /* include_juce_audio_utils.mm */ = {isa = PBXFileReference; lastKnownFileType = sourcecode.cpp.objcpp; name = include_juce_audio_utils.mm; path = ../../JuceLibraryCode/include_juce_audio_utils.mm; sourceTree = SOURCE_ROOT; };
		DC11513AFD11951F0B93C1B5 /* include_juce_audio_plugin_client_VST_utils.mm */ /* include_juce_audio_plugin_client_VST_utils.mm */ = {isa = PBXFileReference; lastKnownFileType = sourcecode.cpp.objcpp; name = include_juce_audio_plugin_client_VST_utils.mm; path = ../../JuceLibraryCode/include_juce_audio_plugin_client_VST_utils.mm; sourceTree = SOURCE_ROOT; };
		E2282844E82DDC3E18EFA265 /* Carbon.framework */ /* Carbon.framework */ = {isa = PBXFileReference; lastKnownFileType = wrapper.framework; name = Carbon.framework; path = System/Library/Frameworks/Carbon.framework; sourceTree = SDKROOT; };
		E41D83B35977E59EE0750998 /* Foundation.framework */ /* Foundation.framework */ = {isa = PBXFileReference; lastKnownFileType = wrapper.framework; name = Foundation.framework; path = System/Library/Frameworks/Foundation.framework; sourceTree = SDKROOT; };
		E439AEE1AF4B7D57CC832F2D /* WebKit.framework */ /* WebKit.framework */ = {isa = PBXFileReference; lastKnownFileType = wrapper.framework; name = WebKit.framework; path = System/Library/Frameworks/WebKit.framework; sourceTree = SDKROOT; };
		EEB1F9F082B1456F458BAA04 /* Standalone Plugin */ = {isa = PBXFileReference; explicitFileType = wrapper.application; includeInIndex = 0; path = GuitarAmpPlugin.app; sourceTree = BUILT_PRODUCTS_DIR; };
		F31679451FDB5C12972C3D9D /* JuceHeader.h */ /* JuceHeader.h */ = {isa = PBXFileReference; lastKnownFileType = sourcecode.c.h; name = JuceHeader.h; path = ../../JuceLibraryCode/JuceHeader.h; sourceTree = SOURCE_ROOT; };
		F532A2AA4E48FF28794F9942 /* juce_audio_plugin_client */ /* juce_audio_plugin_client */ = {isa = PBXFileReference; lastKnownFileType = folder; name = juce_audio_plugin_client; path = /Users/vedant/Desktop/Programming/JUCE/modules/juce_audio_plugin_client; sourceTree = "<absolute>"; };
		F5ACC82BB68AFD166B66CE0E /* include_juce_data_structures.mm */ /* include_juce_data_structures.mm */ = {isa = PBXFileReference; lastKnownFileType = sourcecode.cpp.objcpp; name = include_juce_data_structures.mm; path = ../../JuceLibraryCode/include_juce_data_structures.mm; sourceTree = SOURCE_ROOT; };
/* End PBXFileReference section */

/* Begin PBXFrameworksBuildPhase section */
		B7D6BC932F8C65ACAFF2EAEF = {
			isa = PBXFrameworksBuildPhase;
			buildActionMask = 2147483647;
			files = (
				F0C3E75B961B85CE2ED2033A,
				574649E04DC78C18388BD6D4,
				64A2A49D19F7963F2FC67322,
				0BF7ED8DC363F6CFEB68E016,
				D413A0993693CE344AFEA5D6,
				6FCDAEC9721F6FC31C57BBF1,
				CD7436B68F378C17CBDB9C49,
				EC2723FC9C0B77AB0A4C1538,
				CCC047D795D916A6A3FA2F7F,
				6AEAC86733DB21219AC71250,
				B2601F6186E740A6A4BC9297,
				C396BED8760069C90BBCF762,
				0841E9018AB6C6D8DA79E1DF,
			);
			runOnlyForDeploymentPostprocessing = 0;
		};
		C69455BDDEC001A35807DB1B = {
			isa = PBXFrameworksBuildPhase;
			buildActionMask = 2147483647;
			files = (
				574649E04DC78C18388BD6D4,
				64A2A49D19F7963F2FC67322,
				0BF7ED8DC363F6CFEB68E016,
				D413A0993693CE344AFEA5D6,
				6FCDAEC9721F6FC31C57BBF1,
				CD7436B68F378C17CBDB9C49,
				EC2723FC9C0B77AB0A4C1538,
				CCC047D795D916A6A3FA2F7F,
				6AEAC86733DB21219AC71250,
				B2601F6186E740A6A4BC9297,
				C396BED8760069C90BBCF762,
				0841E9018AB6C6D8DA79E1DF,
			);
			runOnlyForDeploymentPostprocessing = 0;
		};
		DA09B28FBE8A7200788F6C7C = {
			isa = PBXFrameworksBuildPhase;
			buildActionMask = 2147483647;
			files = (
				574649E04DC78C18388BD6D4,
				64A2A49D19F7963F2FC67322,
				0BF7ED8DC363F6CFEB68E016,
				D413A0993693CE344AFEA5D6,
				6FCDAEC9721F6FC31C57BBF1,
				CD7436B68F378C17CBDB9C49,
				EC2723FC9C0B77AB0A4C1538,
				CCC047D795D916A6A3FA2F7F,
				6AEAC86733DB21219AC71250,
				B2601F6186E740A6A4BC9297,
				C396BED8760069C90BBCF762,
				0841E9018AB6C6D8DA79E1DF,
			);
			runOnlyForDeploymentPostprocessing = 0;
		};
/* End PBXFrameworksBuildPhase section */

/* Begin PBXGroup section */
		008A524DB817BCE66A196BC3 /* Source */ = {
			isa = PBXGroup;
			children = (
				F488EC939F211CD8055F0BA3,
				FB8649B3E7BC17B60A8DD4B0,
				3C1F1F0615982BB5957F6A21,
				618750DB2F3614951C9039DF,
				B5338C9E8B082B7825EE7940,
				4548F44A9710E24DF1A64C29,
			);
			name = Source;
			sourceTree = "<group>";
		};
		3C1F1F0615982BB5957F6A21 /* JUCE Library Code */ = {
			isa = PBXGroup;
			children = (
				3AA14A5A8D486263C7D54FC6,
				2D1BCF8A0DC0D8E2F34C8B4D,
				18A5CFC9B2F6A3DAD0B2D622,
				27835BCDBA3B000D14044CEB,
				7ED41DCE52FD7D154A203E3B,
				1EA7E1E3C7D51149964FD231,
				AF722EF33FCF801EC89147BD,
				9581A7F861BD6D47A73A8532,
				DC11513AFD11951F0B93C1B5,
				5DE0AB2B7B321E924188C34A,
				48DAF54BC9712245139773D1,
				CDADE09F6BEA9588543F82BD,
				0A9960BEEC3E63160852B4F8,
				F5ACC82BB68AFD166B66CE0E,
				9171C35E1AA9F811E1E80547,
				0C480657C0EBEF0A1AFD262F,
				1CCE5D11E0A0DC16438382C0,
				608E1121381F5DCFED753130,
				F31679451FDB5C12972C3D9D,
				31ECC3FE63BA9BDB6DE586A7,
			);
			name = "JUCE Library Code";
			sourceTree = "<group>";
		};
		4548F44A9710E24DF1A64C29 /* Products */ = {
			isa = PBXGroup;
			children = (
				066122C865281510FCEA346D,
				602DFD6AFC8DAB908A903FE2,
				EEB1F9F082B1456F458BAA04,
				2AA1005881FB4199A5098960,
			);
			name = Products;
			sourceTree = "<group>";
		};
		618750DB2F3614951C9039DF /* Resources */ = {
			isa = PBXGroup;
			children = (
				5B76C11B42511BF42218F2C2,
				BD2EBBE24FD5C76BDA45F664,
				CA2F242E33CF5048CC1C6C63,
				A99F1B774A292AEF669D6281,
			);
			name = Resources;
			sourceTree = "<group>";
		};
		B5338C9E8B082B7825EE7940 /* Frameworks */ = {
			isa = PBXGroup;
			children = (
				84437A56130C2FFA8DE6F034,
				1660EFCFF1D9582173E3B0A7,
				AFFC05782C8FB89C0B452884,
				E2282844E82DDC3E18EFA265,
				6C4DC7901451D67FD0B4A54C,
				BD8163B5068822D2D40FCD15,
				7EEE724E1EF940AC00B420B1,
				76ECE47988B61B731ADB1533,
				BCF8BB3D7C35747E2A76F00C,
				E41D83B35977E59EE0750998,
				0FE0D72DDE7F67386A4B1FFF,
				B6B4758AAFF079C85E3A0337,
				E439AEE1AF4B7D57CC832F2D,
			);
			name = Frameworks;
			sourceTree = "<group>";
		};
		C02C2365B0CA85F8D73EEEE6 /* Source */ = {
			isa = PBXGroup;
			children = (
				733B148CAA832FAA07D5C629,
				BB99445C73A972EA519DC94C,
				56845CB1360113B072A8C37A,
				3430FC6CE4C6FCA8AA83A28A,
			);
			name = Source;
			sourceTree = "<group>";
		};
		F488EC939F211CD8055F0BA3 /* GuitarAmpPlugin */ = {
			isa = PBXGroup;
			children = (
				C02C2365B0CA85F8D73EEEE6,
			);
			name = GuitarAmpPlugin;
			sourceTree = "<group>";
		};
		FB8649B3E7BC17B60A8DD4B0 /* JUCE Modules */ = {
			isa = PBXGroup;
			children = (
				6C7785E7AA6D6F6B5D965454,
				BF0B44FD306BA1BFFE194B13,
				56C74C3FFE039039922F11BD,
				F532A2AA4E48FF28794F9942,
				70BC527083675695044AB067,
				8D1F4EFF4C7E578A476F71E2,
				B5C1837B93C708DC472EF3DC,
				AB1D399A4D24B3FA2527B24A,
				2814368C961AF5A3E2E68D90,
				7B3A3790A641C0C11E565440,
				5708F13D59549B3C4D282574,
				6AAEE1B83ED266053D242BB3,
			);
			name = "JUCE Modules";
			sourceTree = "<group>";
		};
/* End PBXGroup section */

/* Begin PBXNativeTarget section */
		04E86930283ECE0A026F3534 /* GuitarAmpPlugin - Shared Code */ = {
			isa = PBXNativeTarget;
			buildConfigurationList = AD2E37D662280382EB45CF09;
			buildPhases = (
				EEA649EFD1DE6A08622A030F,
			);
			buildRules = (
			);
			dependencies = (
			);
			name = "GuitarAmpPlugin - Shared Code";
			productName = GuitarAmpPlugin;
			productReference = 2AA1005881FB4199A5098960;
			productType = "com.apple.product-type.library.static";
		};
		0A4AD16A8BD4CA8EAF846213 /* GuitarAmpPlugin - VST3 */ = {
			isa = PBXNativeTarget;
			buildConfigurationList = 3755E1011F0D8487EA832D92;
			buildPhases = (
				B73C383ED7EB16A2ACB44DB8,
				5FD182E2C038E3786AF3FA66,
				C69455BDDEC001A35807DB1B,
			);
			buildRules = (
			);
			dependencies = (
				9D7B32AAC6DE5F09F97C4EDA,
			);
			name = "GuitarAmpPlugin - VST3";
			productName = GuitarAmpPlugin;
			productReference = 066122C865281510FCEA346D;
			productType = "com.apple.product-type.bundle";
		};
		A34D3D324E80AEAE1CC054CA /* GuitarAmpPlugin - Standalone Plugin */ = {
			isa = PBXNativeTarget;
			buildConfigurationList = 20163C43A0E7C991C8576E65;
			buildPhases = (
				2D0CD410E5917901994FB6DB,
				4BC733A5272C9990D530BD73,
				DA09B28FBE8A7200788F6C7C,
			);
			buildRules = (
			);
			dependencies = (
				1AC2E920F2FCF45E32343E03,
			);
			name = "GuitarAmpPlugin - Standalone Plugin";
			productName = GuitarAmpPlugin;
			productReference = EEB1F9F082B1456F458BAA04;
			productType = "com.apple.product-type.application";
		};
		C6A6DC5BFB472927071A96A5 /* GuitarAmpPlugin - AU */ = {
			isa = PBXNativeTarget;
			buildConfigurationList = C480F6A4B600DA7DDA009928;
			buildPhases = (
				BB68D1EBE886DB0A5CB52A1F,
				542BD05AF1F9DDF9E784632A,
				7B7BF6E327AFAF6866A5C3B1,
				B7D6BC932F8C65ACAFF2EAEF,
			);
			buildRules = (
			);
			dependencies = (
				169B1E8FD7B84D6B74838F35,
			);
			name = "GuitarAmpPlugin - AU";
			productName = GuitarAmpPlugin;
			productReference = 602DFD6AFC8DAB908A903FE2;
			productType = "com.apple.product-type.bundle";
		};
/* End PBXNativeTarget section */

/* Begin PBXProject section */
		4E7A57510BC21B4AF2B52FB6 = {
			isa = PBXProject;
			attributes = {
				LastUpgradeCheck = 1320;
				ORGANIZATIONNAME = "LL";
				TargetAttributes = {
					04E86930283ECE0A026F3534 = {
						SystemCapabilities = {
							com.apple.ApplicationGroups.iOS = {
								enabled = 0;
							};
							com.apple.HardenedRuntime = {
								enabled = 0;
							};
							com.apple.InAppPurchase = {
								enabled = 0;
							};
							com.apple.InterAppAudio = {
								enabled = 0;
							};
							com.apple.Push = {
								enabled = 0;
							};
							com.apple.Sandbox = {
								enabled = 0;
							};
						};
					};
					0A4AD16A8BD4CA8EAF846213 = {
						SystemCapabilities = {
							com.apple.ApplicationGroups.iOS = {
								enabled = 0;
							};
							com.apple.HardenedRuntime = {
								enabled = 0;
							};
							com.apple.InAppPurchase = {
								enabled = 0;
							};
							com.apple.InterAppAudio = {
								enabled = 0;
							};
							com.apple.Push = {
								enabled = 0;
							};
							com.apple.Sandbox = {
								enabled = 0;
							};
						};
					};
					277D8ED6211ABD6EE003EF23 = {
						SystemCapabilities = {
							com.apple.ApplicationGroups.iOS = {
								enabled = 0;
							};
							com.apple.HardenedRuntime = {
								enabled = 0;
							};
							com.apple.InAppPurchase = {
								enabled = 0;
							};
							com.apple.InterAppAudio = {
								enabled = 0;
							};
							com.apple.Push = {
								enabled = 0;
							};
							com.apple.Sandbox = {
								enabled = 0;
							};
						};
					};
					A34D3D324E80AEAE1CC054CA = {
						SystemCapabilities = {
							com.apple.ApplicationGroups.iOS = {
								enabled = 0;
							};
							com.apple.HardenedRuntime = {
								enabled = 0;
							};
							com.apple.InAppPurchase = {
								enabled = 0;
							};
							com.apple.InterAppAudio = {
								enabled = 0;
							};
							com.apple.Push = {
								enabled = 0;
							};
							com.apple.Sandbox = {
								enabled = 0;
							};
						};
					};
					C6A6DC5BFB472927071A96A5 = {
						SystemCapabilities = {
							com.apple.ApplicationGroups.iOS = {
								enabled = 0;
							};
							com.apple.HardenedRuntime = {
								enabled = 0;
							};
							com.apple.InAppPurchase = {
								enabled = 0;
							};
							com.apple.InterAppAudio = {
								enabled = 0;
							};
							com.apple.Push = {
								enabled = 0;
							};
							com.apple.Sandbox = {
								enabled = 0;
							};
						};
					};
				};
			};
			buildConfigurationList = 09A0C6ECE1B98C69B41AF643;
			compatibilityVersion = "Xcode 3.2";
			hasScannedForEncodings = 0;
			knownRegions = (
				en,
				Base,
			);
			mainGroup = 008A524DB817BCE66A196BC3;
			projectDirPath = "";
			projectRoot = "";
			targets = (
				277D8ED6211ABD6EE003EF23,
				0A4AD16A8BD4CA8EAF846213,
				C6A6DC5BFB472927071A96A5,
				A34D3D324E80AEAE1CC054CA,
				04E86930283ECE0A026F3534,
			);
		};
/* End PBXProject section */

/* Begin PBXResourcesBuildPhase section */
		2D0CD410E5917901994FB6DB = {
			isa = PBXResourcesBuildPhase;
			buildActionMask = 2147483647;
			files = (
				17D8910ACD96715F60EC3AA8,
			);
			runOnlyForDeploymentPostprocessing = 0;
		};
		B73C383ED7EB16A2ACB44DB8 = {
			isa = PBXResourcesBuildPhase;
			buildActionMask = 2147483647;
			files = (
				17D8910ACD96715F60EC3AA8,
			);
			runOnlyForDeploymentPostprocessing = 0;
		};
		BB68D1EBE886DB0A5CB52A1F = {
			isa = PBXResourcesBuildPhase;
			buildActionMask = 2147483647;
			files = (
				17D8910ACD96715F60EC3AA8,
			);
			runOnlyForDeploymentPostprocessing = 0;
		};
/* End PBXResourcesBuildPhase section */

/* Begin PBXRezBuildPhase section */
		542BD05AF1F9DDF9E784632A = {
			isa = PBXRezBuildPhase;
			buildActionMask = 2147483647;
			files = (
				F30D22983704C37B7B907B7C,
			);
			runOnlyForDeploymentPostprocessing = 0;
		};
/* End PBXRezBuildPhase section */

/* Begin PBXSourcesBuildPhase section */
		4BC733A5272C9990D530BD73 = {
			isa = PBXSourcesBuildPhase;
			buildActionMask = 2147483647;
			files = (
				0F7152E305CA3D4106D61F18,
			);
			runOnlyForDeploymentPostprocessing = 0;
		};
		5FD182E2C038E3786AF3FA66 = {
			isa = PBXSourcesBuildPhase;
			buildActionMask = 2147483647;
			files = (
				49D425DD3B45D3323B89E96F,
			);
			runOnlyForDeploymentPostprocessing = 0;
		};
		7B7BF6E327AFAF6866A5C3B1 = {
			isa = PBXSourcesBuildPhase;
			buildActionMask = 2147483647;
			files = (
				119F6F88D2069BE06013DE8C,
				968C43C7EDB454766598E8CC,
			);
			runOnlyForDeploymentPostprocessing = 0;
		};
		EEA649EFD1DE6A08622A030F = {
			isa = PBXSourcesBuildPhase;
			buildActionMask = 2147483647;
			files = (
				02E12AB4084FA9AD6DFB653A,
				1DA1A21F5E425879864400B2,
				A1B5A66F12BFFE71AE7DC596,
				38837BD747BD9B53D2108759,
				0BC8A6EE5E8597A8AF491EB8,
				CF6C8D8FD86B44B1E1F07CDA,
				537B3F016185A6785C29D13D,
				7C572D4D04CA1C99F21828A9,
				82FD432606103B123401FA39,
				4D0ED61CE05EEFB3D40E8FA8,
				D1BEF6D3BFAE0EEC587B0E2D,
				9E804D6B7E60FF55D1E4E8ED,
				2C0F56CB5364F5355FC26E80,
				543A0782EE19065CCE119002,
				CB446BFB6DCD8D50CD5D6CA2,
			);
			runOnlyForDeploymentPostprocessing = 0;
		};
/* End PBXSourcesBuildPhase section */

/* Begin PBXTargetDependency section */
		169B1E8FD7B84D6B74838F35 = {
			isa = PBXTargetDependency;
			target = 04E86930283ECE0A026F3534;
		};
		1AC2E920F2FCF45E32343E03 = {
			isa = PBXTargetDependency;
			target = 04E86930283ECE0A026F3534;
		};
		93D150774F42F082F08C38C1 = {
			isa = PBXTargetDependency;
			target = 0A4AD16A8BD4CA8EAF846213;
		};
		9D7B32AAC6DE5F09F97C4EDA = {
			isa = PBXTargetDependency;
			target = 04E86930283ECE0A026F3534;
		};
		A3A53653BB108B18B297EF46 = {
			isa = PBXTargetDependency;
			target = A34D3D324E80AEAE1CC054CA;
		};
		F0C28FED50B33E550B72CD18 = {
			isa = PBXTargetDependency;
			target = C6A6DC5BFB472927071A96A5;
		};
		FFCD7F3485975249F5098F61 = {
			isa = PBXTargetDependency;
			target = 04E86930283ECE0A026F3534;
		};
/* End PBXTargetDependency section */

/* Begin XCBuildConfiguration section */
		0851DB6860548A22971B444D /* Release */ = {
			isa = XCBuildConfiguration;
			buildSettings = {
				CLANG_CXX_LANGUAGE_STANDARD = "c++14";
				CLANG_CXX_LIBRARY = "libc++";
				CLANG_LINK_OBJC_RUNTIME = NO;
				CODE_SIGN_IDENTITY = "";
				COMBINE_HIDPI_IMAGES = YES;
				CONFIGURATION_BUILD_DIR = "$(PROJECT_DIR)/build/$(CONFIGURATION)";
				DEAD_CODE_STRIPPING = YES;
				DEPLOYMENT_LOCATION = YES;
				DSTROOT = /;
				EXCLUDED_ARCHS = "";
				GCC_GENERATE_DEBUGGING_SYMBOLS = NO;
				GCC_OPTIMIZATION_LEVEL = 3;
				GCC_PREPROCESSOR_DEFINITIONS = (
					"_NDEBUG=1",
					"NDEBUG=1",
					"JUCE_DISPLAY_SPLASH_SCREEN=1",
					"JUCE_USE_DARK_SPLASH_SCREEN=1",
					"JUCE_PROJUCER_VERSION=0x60105",
					"JUCE_MODULE_AVAILABLE_juce_audio_basics=1",
					"JUCE_MODULE_AVAILABLE_juce_audio_devices=1",
					"JUCE_MODULE_AVAILABLE_juce_audio_formats=1",
					"JUCE_MODULE_AVAILABLE_juce_audio_plugin_client=1",
					"JUCE_MODULE_AVAILABLE_juce_audio_processors=1",
					"JUCE_MODULE_AVAILABLE_juce_audio_utils=1",
					"JUCE_MODULE_AVAILABLE_juce_core=1",
					"JUCE_MODULE_AVAILABLE_juce_data_structures=1",
					"JUCE_MODULE_AVAILABLE_juce_events=1",
					"JUCE_MODULE_AVAILABLE_juce_graphics=1",
					"JUCE_MODULE_AVAILABLE_juce_gui_basics=1",
					"JUCE_MODULE_AVAILABLE_juce_gui_extra=1",
					"JUCE_GLOBAL_MODULE_SETTINGS_INCLUDED=1",
					"JUCE_VST3_CAN_REPLACE_VST2=0",
					"JUCE_STRICT_REFCOUNTEDPOINTER=1",
					"JucePlugin_Build_VST=0",
					"JucePlugin_Build_VST3=1",
					"JucePlugin_Build_AU=0",
					"JucePlugin_Build_AUv3=0",
					"JucePlugin_Build_RTAS=0",
					"JucePlugin_Build_AAX=0",
					"JucePlugin_Build_Standalone=0",
					"JucePlugin_Build_Unity=0",
					"JucePlugin_Enable_IAA=0",
					"JucePlugin_Name=\\\"GuitarAmpPlugin\\\"",
					"JucePlugin_Desc=\\\"GuitarAmpPlugin\\\"",
					"JucePlugin_Manufacturer=\\\"LL\\\"",
					"JucePlugin_ManufacturerWebsite=\\\"\\\"",
					"JucePlugin_ManufacturerEmail=\\\"\\\"",
					"JucePlugin_ManufacturerCode=0x4d616e75",
					"JucePlugin_PluginCode=0x556f7462",
					"JucePlugin_IsSynth=0",
					"JucePlugin_WantsMidiInput=0",
					"JucePlugin_ProducesMidiOutput=0",
					"JucePlugin_IsMidiEffect=0",
					"JucePlugin_EditorRequiresKeyboardFocus=0",
					"JucePlugin_Version=1.0.0",
					"JucePlugin_VersionCode=0x10000",
					"JucePlugin_VersionString=\\\"1.0.0\\\"",
					"JucePlugin_VSTUniqueID=JucePlugin_PluginCode",
					"JucePlugin_VSTCategory=kPlugCategEffect",
					"JucePlugin_Vst3Category=\\\"Fx\\\"",
					"JucePlugin_AUMainType=\\'aufx\\'",
					"JucePlugin_AUSubType=JucePlugin_PluginCode",
					"JucePlugin_AUExportPrefix=GuitarAmpPluginAU",
					"JucePlugin_AUExportPrefixQuoted=\\\"GuitarAmpPluginAU\\\"",
					"JucePlugin_AUManufacturerCode=JucePlugin_ManufacturerCode",
					"JucePlugin_CFBundleIdentifier=com.LL.GuitarAmpPlugin",
					"JucePlugin_RTASCategory=0",
					"JucePlugin_RTASManufacturerCode=JucePlugin_ManufacturerCode",
					"JucePlugin_RTASProductId=JucePlugin_PluginCode",
					"JucePlugin_RTASDisableBypass=0",
					"JucePlugin_RTASDisableMultiMono=0",
					"JucePlugin_AAXIdentifier=com.LL.GuitarAmpPlugin",
					"JucePlugin_AAXManufacturerCode=JucePlugin_ManufacturerCode",
					"JucePlugin_AAXProductId=JucePlugin_PluginCode",
					"JucePlugin_AAXCategory=0",
					"JucePlugin_AAXDisableBypass=0",
					"JucePlugin_AAXDisableMultiMono=0",
					"JucePlugin_IAAType=0x61757278",
					"JucePlugin_IAASubType=JucePlugin_PluginCode",
					"JucePlugin_IAAName=\\\"LL:\\ GuitarAmpPlugin\\\"",
					"JucePlugin_VSTNumMidiInputs=16",
					"JucePlugin_VSTNumMidiOutputs=16",
					"JUCE_STANDALONE_APPLICATION=JucePlugin_Build_Standalone",
					"JUCER_XCODE_MAC_F6D2F4CF=1",
					"JUCE_APP_VERSION=1.0.0",
					"JUCE_APP_VERSION_HEX=0x10000",
				);
				GCC_VERSION = com.apple.compilers.llvm.clang.1_0;
				GENERATE_PKGINFO_FILE = YES;
				HEADER_SEARCH_PATHS = (
					"/Users/vedant/Desktop/Programming/JUCE/modules/juce_audio_processors/format_types/VST3_SDK",
					"$(SRCROOT)/../../JuceLibraryCode",
					"/Users/vedant/Desktop/Programming/JUCE/modules",
					"/Users/vedant/Desktop/Programming/JUCE/modules/juce_audio_plugin_client",
					"$(inherited)",
				);
				INFOPLIST_FILE = Info-VST3.plist;
				INFOPLIST_PREPROCESS = NO;
				INSTALL_PATH = "$(HOME)/Library/Audio/Plug-Ins/VST3/";
				LIBRARY_STYLE = Bundle;
				LLVM_LTO = YES;
				MACOSX_DEPLOYMENT_TARGET = 10.11;
				MTL_HEADER_SEARCH_PATHS = "/Users/vedant/Desktop/Programming/JUCE/modules/juce_audio_processors/format_types/VST3_SDK $(SRCROOT)/../../JuceLibraryCode /Users/vedant/Desktop/Programming/JUCE/modules /Users/vedant/Desktop/Programming/JUCE/modules/juce_audio_plugin_client";
				OTHER_LDFLAGS = "-bundle -lGuitarAmpPlugin";
				PRODUCT_BUNDLE_IDENTIFIER = com.LL.GuitarAmpPlugin;
				PRODUCT_NAME = "GuitarAmpPlugin";
				USE_HEADERMAP = NO;
				VALID_ARCHS = "i386 x86_64 arm64 arm64e";
				WRAPPER_EXTENSION = vst3;
			};
			name = Release;
		};
		17C985C46986BA53BFDE28A0 /* Release */ = {
			isa = XCBuildConfiguration;
			buildSettings = {
				ALWAYS_SEARCH_USER_PATHS = NO;
				CLANG_ENABLE_OBJC_WEAK = YES;
				CLANG_WARN_BLOCK_CAPTURE_AUTORELEASING = YES;
				CLANG_WARN_BOOL_CONVERSION = YES;
				CLANG_WARN_COMMA = YES;
				CLANG_WARN_CONSTANT_CONVERSION = YES;
				CLANG_WARN_DEPRECATED_OBJC_IMPLEMENTATIONS = YES;
				CLANG_WARN_EMPTY_BODY = YES;
				CLANG_WARN_ENUM_CONVERSION = YES;
				CLANG_WARN_INFINITE_RECURSION = YES;
				CLANG_WARN_INT_CONVERSION = YES;
				CLANG_WARN_NON_LITERAL_NULL_CONVERSION = YES;
				CLANG_WARN_OBJC_IMPLICIT_RETAIN_SELF = YES;
				CLANG_WARN_OBJC_LITERAL_CONVERSION = YES;
				CLANG_WARN_RANGE_LOOP_ANALYSIS = YES;
				CLANG_WARN_STRICT_PROTOTYPES = YES;
				CLANG_WARN_SUSPICIOUS_MOVE = YES;
				CLANG_WARN_UNREACHABLE_CODE = YES;
				CLANG_WARN__DUPLICATE_METHOD_MATCH = YES;
				CODE_SIGN_IDENTITY = "";
				DEBUG_INFORMATION_FORMAT = dwarf;
				ENABLE_STRICT_OBJC_MSGSEND = YES;
				ENABLE_TESTABILITY = NO;
				GCC_C_LANGUAGE_STANDARD = c11;
				GCC_INLINES_ARE_PRIVATE_EXTERN = YES;
				GCC_MODEL_TUNING = G5;
				GCC_NO_COMMON_BLOCKS = YES;
				GCC_SYMBOLS_PRIVATE_EXTERN = YES;
				GCC_WARN_64_TO_32_BIT_CONVERSION = YES;
				GCC_WARN_ABOUT_RETURN_TYPE = YES;
				GCC_WARN_CHECK_SWITCH_STATEMENTS = YES;
				GCC_WARN_MISSING_PARENTHESES = YES;
				GCC_WARN_NON_VIRTUAL_DESTRUCTOR = YES;
				GCC_WARN_TYPECHECK_CALLS_TO_PRINTF = YES;
				GCC_WARN_UNDECLARED_SELECTOR = YES;
				GCC_WARN_UNINITIALIZED_AUTOS = YES;
				GCC_WARN_UNUSED_FUNCTION = YES;
				GCC_WARN_UNUSED_VARIABLE = YES;
				PRODUCT_NAME = "GuitarAmpPlugin";
				SDKROOT = macosx;
				WARNING_CFLAGS = "-Wreorder";
				ZERO_LINK = NO;
			};
			name = Release;
		};
		226996DC0FC7B8AF50B09C85 /* Release */ = {
			isa = XCBuildConfiguration;
			buildSettings = {
				CLANG_CXX_LANGUAGE_STANDARD = "c++14";
				CLANG_CXX_LIBRARY = "libc++";
				CLANG_LINK_OBJC_RUNTIME = NO;
				CODE_SIGN_IDENTITY = "";
				COMBINE_HIDPI_IMAGES = YES;
				CONFIGURATION_BUILD_DIR = "$(PROJECT_DIR)/build/$(CONFIGURATION)";
				DEAD_CODE_STRIPPING = YES;
				DEPLOYMENT_LOCATION = YES;
				DSTROOT = /;
				EXCLUDED_ARCHS = "";
				GCC_GENERATE_DEBUGGING_SYMBOLS = NO;
				GCC_OPTIMIZATION_LEVEL = 3;
				GCC_PREPROCESSOR_DEFINITIONS = (
					"_NDEBUG=1",
					"NDEBUG=1",
					"JUCE_DISPLAY_SPLASH_SCREEN=1",
					"JUCE_USE_DARK_SPLASH_SCREEN=1",
					"JUCE_PROJUCER_VERSION=0x60105",
					"JUCE_MODULE_AVAILABLE_juce_audio_basics=1",
					"JUCE_MODULE_AVAILABLE_juce_audio_devices=1",
					"JUCE_MODULE_AVAILABLE_juce_audio_formats=1",
					"JUCE_MODULE_AVAILABLE_juce_audio_plugin_client=1",
					"JUCE_MODULE_AVAILABLE_juce_audio_processors=1",
					"JUCE_MODULE_AVAILABLE_juce_audio_utils=1",
					"JUCE_MODULE_AVAILABLE_juce_core=1",
					"JUCE_MODULE_AVAILABLE_juce_data_structures=1",
					"JUCE_MODULE_AVAILABLE_juce_events=1",
					"JUCE_MODULE_AVAILABLE_juce_graphics=1",
					"JUCE_MODULE_AVAILABLE_juce_gui_basics=1",
					"JUCE_MODULE_AVAILABLE_juce_gui_extra=1",
					"JUCE_GLOBAL_MODULE_SETTINGS_INCLUDED=1",
					"JUCE_VST3_CAN_REPLACE_VST2=0",
					"JUCE_STRICT_REFCOUNTEDPOINTER=1",
					"JucePlugin_Build_VST=0",
					"JucePlugin_Build_VST3=0",
					"JucePlugin_Build_AU=1",
					"JucePlugin_Build_AUv3=0",
					"JucePlugin_Build_RTAS=0",
					"JucePlugin_Build_AAX=0",
					"JucePlugin_Build_Standalone=0",
					"JucePlugin_Build_Unity=0",
					"JucePlugin_Enable_IAA=0",
					"JucePlugin_Name=\\\"GuitarAmpPlugin\\\"",
					"JucePlugin_Desc=\\\"GuitarAmpPlugin\\\"",
					"JucePlugin_Manufacturer=\\\"LL\\\"",
					"JucePlugin_ManufacturerWebsite=\\\"\\\"",
					"JucePlugin_ManufacturerEmail=\\\"\\\"",
					"JucePlugin_ManufacturerCode=0x4d616e75",
					"JucePlugin_PluginCode=0x556f7462",
					"JucePlugin_IsSynth=0",
					"JucePlugin_WantsMidiInput=0",
					"JucePlugin_ProducesMidiOutput=0",
					"JucePlugin_IsMidiEffect=0",
					"JucePlugin_EditorRequiresKeyboardFocus=0",
					"JucePlugin_Version=1.0.0",
					"JucePlugin_VersionCode=0x10000",
					"JucePlugin_VersionString=\\\"1.0.0\\\"",
					"JucePlugin_VSTUniqueID=JucePlugin_PluginCode",
					"JucePlugin_VSTCategory=kPlugCategEffect",
					"JucePlugin_Vst3Category=\\\"Fx\\\"",
					"JucePlugin_AUMainType=\\'aufx\\'",
					"JucePlugin_AUSubType=JucePlugin_PluginCode",
					"JucePlugin_AUExportPrefix=GuitarAmpPluginAU",
					"JucePlugin_AUExportPrefixQuoted=\\\"GuitarAmpPluginAU\\\"",
					"JucePlugin_AUManufacturerCode=JucePlugin_ManufacturerCode",
					"JucePlugin_CFBundleIdentifier=com.LL.GuitarAmpPlugin",
					"JucePlugin_RTASCategory=0",
					"JucePlugin_RTASManufacturerCode=JucePlugin_ManufacturerCode",
					"JucePlugin_RTASProductId=JucePlugin_PluginCode",
					"JucePlugin_RTASDisableBypass=0",
					"JucePlugin_RTASDisableMultiMono=0",
					"JucePlugin_AAXIdentifier=com.LL.GuitarAmpPlugin",
					"JucePlugin_AAXManufacturerCode=JucePlugin_ManufacturerCode",
					"JucePlugin_AAXProductId=JucePlugin_PluginCode",
					"JucePlugin_AAXCategory=0",
					"JucePlugin_AAXDisableBypass=0",
					"JucePlugin_AAXDisableMultiMono=0",
					"JucePlugin_IAAType=0x61757278",
					"JucePlugin_IAASubType=JucePlugin_PluginCode",
					"JucePlugin_IAAName=\\\"LL:\\ GuitarAmpPlugin\\\"",
					"JucePlugin_VSTNumMidiInputs=16",
					"JucePlugin_VSTNumMidiOutputs=16",
					"JUCE_STANDALONE_APPLICATION=JucePlugin_Build_Standalone",
					"JUCER_XCODE_MAC_F6D2F4CF=1",
					"JUCE_APP_VERSION=1.0.0",
					"JUCE_APP_VERSION_HEX=0x10000",
				);
				GCC_VERSION = com.apple.compilers.llvm.clang.1_0;
				GENERATE_PKGINFO_FILE = YES;
				HEADER_SEARCH_PATHS = (
					"/Users/vedant/Desktop/Programming/JUCE/modules/juce_audio_processors/format_types/VST3_SDK",
					"$(SRCROOT)/../../JuceLibraryCode",
					"/Users/vedant/Desktop/Programming/JUCE/modules",
					"/Users/vedant/Desktop/Programming/JUCE/modules/juce_audio_plugin_client",
					"$(inherited)",
				);
				INFOPLIST_FILE = Info-AU.plist;
				INFOPLIST_PREPROCESS = NO;
				INSTALL_PATH = "$(HOME)/Library/Audio/Plug-Ins/Components/";
				LIBRARY_STYLE = Bundle;
				LLVM_LTO = YES;
				MACOSX_DEPLOYMENT_TARGET = 10.11;
				MTL_HEADER_SEARCH_PATHS = "/Users/vedant/Desktop/Programming/JUCE/modules/juce_audio_processors/format_types/VST3_SDK $(SRCROOT)/../../JuceLibraryCode /Users/vedant/Desktop/Programming/JUCE/modules /Users/vedant/Desktop/Programming/JUCE/modules/juce_audio_plugin_client";
				OTHER_LDFLAGS = "-bundle -lGuitarAmpPlugin";
				OTHER_REZFLAGS = "-d ppc_$ppc -d i386_$i386 -d ppc64_$ppc64 -d x86_64_$x86_64 -d arm64_$arm64 -I /System/Library/Frameworks/CoreServices.framework/Frameworks/CarbonCore.framework/Versions/A/Headers -I \"$(DEVELOPER_DIR)/Extras/CoreAudio/AudioUnits/AUPublic/AUBase\" -I \"$(DEVELOPER_DIR)/Platforms/MacOSX.platform/Developer/SDKs/MacOSX.sdk/System/Library/Frameworks/AudioUnit.framework/Headers\"";
				PRODUCT_BUNDLE_IDENTIFIER = com.LL.GuitarAmpPlugin;
				PRODUCT_NAME = "GuitarAmpPlugin";
				USE_HEADERMAP = NO;
				VALID_ARCHS = "i386 x86_64 arm64 arm64e";
				WRAPPER_EXTENSION = component;
			};
			name = Release;
		};
		3424B38DC7326D95AA17E1BD /* Debug */ = {
			isa = XCBuildConfiguration;
			buildSettings = {
				CLANG_CXX_LANGUAGE_STANDARD = "c++14";
				CLANG_CXX_LIBRARY = "libc++";
				CLANG_LINK_OBJC_RUNTIME = NO;
				CODE_SIGN_IDENTITY = "";
				COMBINE_HIDPI_IMAGES = YES;
				CONFIGURATION_BUILD_DIR = "$(PROJECT_DIR)/build/$(CONFIGURATION)";
				COPY_PHASE_STRIP = NO;
				DEPLOYMENT_LOCATION = YES;
				DSTROOT = /;
				EXCLUDED_ARCHS = "";
				GCC_DYNAMIC_NO_PIC = NO;
				GCC_OPTIMIZATION_LEVEL = 0;
				GCC_PREPROCESSOR_DEFINITIONS = (
					"_DEBUG=1",
					"DEBUG=1",
					"JUCE_DISPLAY_SPLASH_SCREEN=1",
					"JUCE_USE_DARK_SPLASH_SCREEN=1",
					"JUCE_PROJUCER_VERSION=0x60105",
					"JUCE_MODULE_AVAILABLE_juce_audio_basics=1",
					"JUCE_MODULE_AVAILABLE_juce_audio_devices=1",
					"JUCE_MODULE_AVAILABLE_juce_audio_formats=1",
					"JUCE_MODULE_AVAILABLE_juce_audio_plugin_client=1",
					"JUCE_MODULE_AVAILABLE_juce_audio_processors=1",
					"JUCE_MODULE_AVAILABLE_juce_audio_utils=1",
					"JUCE_MODULE_AVAILABLE_juce_core=1",
					"JUCE_MODULE_AVAILABLE_juce_data_structures=1",
					"JUCE_MODULE_AVAILABLE_juce_events=1",
					"JUCE_MODULE_AVAILABLE_juce_graphics=1",
					"JUCE_MODULE_AVAILABLE_juce_gui_basics=1",
					"JUCE_MODULE_AVAILABLE_juce_gui_extra=1",
					"JUCE_GLOBAL_MODULE_SETTINGS_INCLUDED=1",
					"JUCE_VST3_CAN_REPLACE_VST2=0",
					"JUCE_STRICT_REFCOUNTEDPOINTER=1",
					"JucePlugin_Build_VST=0",
					"JucePlugin_Build_VST3=0",
					"JucePlugin_Build_AU=1",
					"JucePlugin_Build_AUv3=0",
					"JucePlugin_Build_RTAS=0",
					"JucePlugin_Build_AAX=0",
					"JucePlugin_Build_Standalone=0",
					"JucePlugin_Build_Unity=0",
					"JucePlugin_Enable_IAA=0",
					"JucePlugin_Name=\\\"GuitarAmpPlugin\\\"",
					"JucePlugin_Desc=\\\"GuitarAmpPlugin\\\"",
					"JucePlugin_Manufacturer=\\\"LL\\\"",
					"JucePlugin_ManufacturerWebsite=\\\"\\\"",
					"JucePlugin_ManufacturerEmail=\\\"\\\"",
					"JucePlugin_ManufacturerCode=0x4d616e75",
					"JucePlugin_PluginCode=0x556f7462",
					"JucePlugin_IsSynth=0",
					"JucePlugin_WantsMidiInput=0",
					"JucePlugin_ProducesMidiOutput=0",
					"JucePlugin_IsMidiEffect=0",
					"JucePlugin_EditorRequiresKeyboardFocus=0",
					"JucePlugin_Version=1.0.0",
					"JucePlugin_VersionCode=0x10000",
					"JucePlugin_VersionString=\\\"1.0.0\\\"",
					"JucePlugin_VSTUniqueID=JucePlugin_PluginCode",
					"JucePlugin_VSTCategory=kPlugCategEffect",
					"JucePlugin_Vst3Category=\\\"Fx\\\"",
					"JucePlugin_AUMainType=\\'aufx\\'",
					"JucePlugin_AUSubType=JucePlugin_PluginCode",
					"JucePlugin_AUExportPrefix=GuitarAmpPluginAU",
					"JucePlugin_AUExportPrefixQuoted=\\\"GuitarAmpPluginAU\\\"",
					"JucePlugin_AUManufacturerCode=JucePlugin_ManufacturerCode",
					"JucePlugin_CFBundleIdentifier=com.LL.GuitarAmpPlugin",
					"JucePlugin_RTASCategory=0",
					"JucePlugin_RTASManufacturerCode=JucePlugin_ManufacturerCode",
					"JucePlugin_RTASProductId=JucePlugin_PluginCode",
					"JucePlugin_RTASDisableBypass=0",
					"JucePlugin_RTASDisableMultiMono=0",
					"JucePlugin_AAXIdentifier=com.LL.GuitarAmpPlugin",
					"JucePlugin_AAXManufacturerCode=JucePlugin_ManufacturerCode",
					"JucePlugin_AAXProductId=JucePlugin_PluginCode",
					"JucePlugin_AAXCategory=0",
					"JucePlugin_AAXDisableBypass=0",
					"JucePlugin_AAXDisableMultiMono=0",
					"JucePlugin_IAAType=0x61757278",
					"JucePlugin_IAASubType=JucePlugin_PluginCode",
					"JucePlugin_IAAName=\\\"LL:\\ GuitarAmpPlugin\\\"",
					"JucePlugin_VSTNumMidiInputs=16",
					"JucePlugin_VSTNumMidiOutputs=16",
					"JUCE_STANDALONE_APPLICATION=JucePlugin_Build_Standalone",
					"JUCER_XCODE_MAC_F6D2F4CF=1",
					"JUCE_APP_VERSION=1.0.0",
					"JUCE_APP_VERSION_HEX=0x10000",
				);
				GCC_VERSION = com.apple.compilers.llvm.clang.1_0;
				GENERATE_PKGINFO_FILE = YES;
				HEADER_SEARCH_PATHS = (
					"/Users/vedant/Desktop/Programming/JUCE/modules/juce_audio_processors/format_types/VST3_SDK",
					"$(SRCROOT)/../../JuceLibraryCode",
					"/Users/vedant/Desktop/Programming/JUCE/modules",
					"/Users/vedant/Desktop/Programming/JUCE/modules/juce_audio_plugin_client",
					"$(inherited)",
				);
				INFOPLIST_FILE = Info-AU.plist;
				INFOPLIST_PREPROCESS = NO;
				INSTALL_PATH = "$(HOME)/Library/Audio/Plug-Ins/Components/";
				LIBRARY_STYLE = Bundle;
				MACOSX_DEPLOYMENT_TARGET = 10.11;
				MTL_HEADER_SEARCH_PATHS = "/Users/vedant/Desktop/Programming/JUCE/modules/juce_audio_processors/format_types/VST3_SDK $(SRCROOT)/../../JuceLibraryCode /Users/vedant/Desktop/Programming/JUCE/modules /Users/vedant/Desktop/Programming/JUCE/modules/juce_audio_plugin_client";
				OTHER_LDFLAGS = "-bundle -lGuitarAmpPlugin";
				OTHER_REZFLAGS = "-d ppc_$ppc -d i386_$i386 -d ppc64_$ppc64 -d x86_64_$x86_64 -d arm64_$arm64 -I /System/Library/Frameworks/CoreServices.framework/Frameworks/CarbonCore.framework/Versions/A/Headers -I \"$(DEVELOPER_DIR)/Extras/CoreAudio/AudioUnits/AUPublic/AUBase\" -I \"$(DEVELOPER_DIR)/Platforms/MacOSX.platform/Developer/SDKs/MacOSX.sdk/System/Library/Frameworks/AudioUnit.framework/Headers\"";
				PRODUCT_BUNDLE_IDENTIFIER = com.LL.GuitarAmpPlugin;
				PRODUCT_NAME = "GuitarAmpPlugin";
				USE_HEADERMAP = NO;
				VALID_ARCHS = "i386 x86_64 arm64 arm64e";
				WRAPPER_EXTENSION = component;
			};
			name = Debug;
		};
		36DF51765415E34FC5C1C9F2 /* Debug */ = {
			isa = XCBuildConfiguration;
			buildSettings = {
				CLANG_CXX_LANGUAGE_STANDARD = "c++14";
				CLANG_CXX_LIBRARY = "libc++";
				CLANG_LINK_OBJC_RUNTIME = NO;
				CODE_SIGN_IDENTITY = "";
				COMBINE_HIDPI_IMAGES = YES;
				CONFIGURATION_BUILD_DIR = "$(PROJECT_DIR)/build/$(CONFIGURATION)";
				COPY_PHASE_STRIP = NO;
				EXCLUDED_ARCHS = "";
				GCC_DYNAMIC_NO_PIC = NO;
				GCC_OPTIMIZATION_LEVEL = 0;
				GCC_PREPROCESSOR_DEFINITIONS = (
					"_DEBUG=1",
					"DEBUG=1",
					"JUCE_DISPLAY_SPLASH_SCREEN=1",
					"JUCE_USE_DARK_SPLASH_SCREEN=1",
					"JUCE_PROJUCER_VERSION=0x60105",
					"JUCE_MODULE_AVAILABLE_juce_audio_basics=1",
					"JUCE_MODULE_AVAILABLE_juce_audio_devices=1",
					"JUCE_MODULE_AVAILABLE_juce_audio_formats=1",
					"JUCE_MODULE_AVAILABLE_juce_audio_plugin_client=1",
					"JUCE_MODULE_AVAILABLE_juce_audio_processors=1",
					"JUCE_MODULE_AVAILABLE_juce_audio_utils=1",
					"JUCE_MODULE_AVAILABLE_juce_core=1",
					"JUCE_MODULE_AVAILABLE_juce_data_structures=1",
					"JUCE_MODULE_AVAILABLE_juce_events=1",
					"JUCE_MODULE_AVAILABLE_juce_graphics=1",
					"JUCE_MODULE_AVAILABLE_juce_gui_basics=1",
					"JUCE_MODULE_AVAILABLE_juce_gui_extra=1",
					"JUCE_GLOBAL_MODULE_SETTINGS_INCLUDED=1",
					"JUCE_VST3_CAN_REPLACE_VST2=0",
					"JUCE_STRICT_REFCOUNTEDPOINTER=1",
					"JucePlugin_Build_VST=0",
					"JucePlugin_Build_VST3=0",
					"JucePlugin_Build_AU=0",
					"JucePlugin_Build_AUv3=0",
					"JucePlugin_Build_RTAS=0",
					"JucePlugin_Build_AAX=0",
					"JucePlugin_Build_Standalone=1",
					"JucePlugin_Build_Unity=0",
					"JucePlugin_Enable_IAA=0",
					"JucePlugin_Name=\\\"GuitarAmpPlugin\\\"",
					"JucePlugin_Desc=\\\"GuitarAmpPlugin\\\"",
					"JucePlugin_Manufacturer=\\\"LL\\\"",
					"JucePlugin_ManufacturerWebsite=\\\"\\\"",
					"JucePlugin_ManufacturerEmail=\\\"\\\"",
					"JucePlugin_ManufacturerCode=0x4d616e75",
					"JucePlugin_PluginCode=0x556f7462",
					"JucePlugin_IsSynth=0",
					"JucePlugin_WantsMidiInput=0",
					"JucePlugin_ProducesMidiOutput=0",
					"JucePlugin_IsMidiEffect=0",
					"JucePlugin_EditorRequiresKeyboardFocus=0",
					"JucePlugin_Version=1.0.0",
					"JucePlugin_VersionCode=0x10000",
					"JucePlugin_VersionString=\\\"1.0.0\\\"",
					"JucePlugin_VSTUniqueID=JucePlugin_PluginCode",
					"JucePlugin_VSTCategory=kPlugCategEffect",
					"JucePlugin_Vst3Category=\\\"Fx\\\"",
					"JucePlugin_AUMainType=\\'aufx\\'",
					"JucePlugin_AUSubType=JucePlugin_PluginCode",
					"JucePlugin_AUExportPrefix=GuitarAmpPluginAU",
					"JucePlugin_AUExportPrefixQuoted=\\\"GuitarAmpPluginAU\\\"",
					"JucePlugin_AUManufacturerCode=JucePlugin_ManufacturerCode",
					"JucePlugin_CFBundleIdentifier=com.LL.GuitarAmpPlugin",
					"JucePlugin_RTASCategory=0",
					"JucePlugin_RTASManufacturerCode=JucePlugin_ManufacturerCode",
					"JucePlugin_RTASProductId=JucePlugin_PluginCode",
					"JucePlugin_RTASDisableBypass=0",
					"JucePlugin_RTASDisableMultiMono=0",
					"JucePlugin_AAXIdentifier=com.LL.GuitarAmpPlugin",
					"JucePlugin_AAXManufacturerCode=JucePlugin_ManufacturerCode",
					"JucePlugin_AAXProductId=JucePlugin_PluginCode",
					"JucePlugin_AAXCategory=0",
					"JucePlugin_AAXDisableBypass=0",
					"JucePlugin_AAXDisableMultiMono=0",
					"JucePlugin_IAAType=0x61757278",
					"JucePlugin_IAASubType=JucePlugin_PluginCode",
					"JucePlugin_IAAName=\\\"LL:\\ GuitarAmpPlugin\\\"",
					"JucePlugin_VSTNumMidiInputs=16",
					"JucePlugin_VSTNumMidiOutputs=16",
					"JUCE_STANDALONE_APPLICATION=JucePlugin_Build_Standalone",
					"JUCER_XCODE_MAC_F6D2F4CF=1",
					"JUCE_APP_VERSION=1.0.0",
					"JUCE_APP_VERSION_HEX=0x10000",
				);
				GCC_VERSION = com.apple.compilers.llvm.clang.1_0;
				HEADER_SEARCH_PATHS = (
					"/Users/vedant/Desktop/Programming/JUCE/modules/juce_audio_processors/format_types/VST3_SDK",
					"$(SRCROOT)/../../JuceLibraryCode",
					"/Users/vedant/Desktop/Programming/JUCE/modules",
					"/Users/vedant/Desktop/Programming/JUCE/modules/juce_audio_plugin_client",
					"$(inherited)",
				);
				INFOPLIST_FILE = Info-Standalone_Plugin.plist;
				INFOPLIST_PREPROCESS = NO;
				MACOSX_DEPLOYMENT_TARGET = 10.11;
				MTL_HEADER_SEARCH_PATHS = "/Users/vedant/Desktop/Programming/JUCE/modules/juce_audio_processors/format_types/VST3_SDK $(SRCROOT)/../../JuceLibraryCode /Users/vedant/Desktop/Programming/JUCE/modules /Users/vedant/Desktop/Programming/JUCE/modules/juce_audio_plugin_client";
				OTHER_LDFLAGS = "-lGuitarAmpPlugin";
				PRODUCT_BUNDLE_IDENTIFIER = com.LL.GuitarAmpPlugin;
				PRODUCT_NAME = "GuitarAmpPlugin";
				USE_HEADERMAP = NO;
				VALID_ARCHS = "i386 x86_64 arm64 arm64e";
			};
			name = Debug;
		};
		40F29AD025715EFFE806E423 /* Debug */ = {
			isa = XCBuildConfiguration;
			buildSettings = {
				CLANG_CXX_LANGUAGE_STANDARD = "c++14";
				CLANG_CXX_LIBRARY = "libc++";
				CLANG_LINK_OBJC_RUNTIME = NO;
				CODE_SIGN_IDENTITY = "";
				COMBINE_HIDPI_IMAGES = YES;
				CONFIGURATION_BUILD_DIR = "$(PROJECT_DIR)/build/$(CONFIGURATION)";
				COPY_PHASE_STRIP = NO;
				DEPLOYMENT_LOCATION = YES;
				DSTROOT = /;
				EXCLUDED_ARCHS = "";
				GCC_DYNAMIC_NO_PIC = NO;
				GCC_OPTIMIZATION_LEVEL = 0;
				GCC_PREPROCESSOR_DEFINITIONS = (
					"_DEBUG=1",
					"DEBUG=1",
					"JUCE_DISPLAY_SPLASH_SCREEN=1",
					"JUCE_USE_DARK_SPLASH_SCREEN=1",
					"JUCE_PROJUCER_VERSION=0x60105",
					"JUCE_MODULE_AVAILABLE_juce_audio_basics=1",
					"JUCE_MODULE_AVAILABLE_juce_audio_devices=1",
					"JUCE_MODULE_AVAILABLE_juce_audio_formats=1",
					"JUCE_MODULE_AVAILABLE_juce_audio_plugin_client=1",
					"JUCE_MODULE_AVAILABLE_juce_audio_processors=1",
					"JUCE_MODULE_AVAILABLE_juce_audio_utils=1",
					"JUCE_MODULE_AVAILABLE_juce_core=1",
					"JUCE_MODULE_AVAILABLE_juce_data_structures=1",
					"JUCE_MODULE_AVAILABLE_juce_events=1",
					"JUCE_MODULE_AVAILABLE_juce_graphics=1",
					"JUCE_MODULE_AVAILABLE_juce_gui_basics=1",
					"JUCE_MODULE_AVAILABLE_juce_gui_extra=1",
					"JUCE_GLOBAL_MODULE_SETTINGS_INCLUDED=1",
					"JUCE_VST3_CAN_REPLACE_VST2=0",
					"JUCE_STRICT_REFCOUNTEDPOINTER=1",
					"JucePlugin_Build_VST=0",
					"JucePlugin_Build_VST3=1",
					"JucePlugin_Build_AU=0",
					"JucePlugin_Build_AUv3=0",
					"JucePlugin_Build_RTAS=0",
					"JucePlugin_Build_AAX=0",
					"JucePlugin_Build_Standalone=0",
					"JucePlugin_Build_Unity=0",
					"JucePlugin_Enable_IAA=0",
					"JucePlugin_Name=\\\"GuitarAmpPlugin\\\"",
					"JucePlugin_Desc=\\\"GuitarAmpPlugin\\\"",
					"JucePlugin_Manufacturer=\\\"LL\\\"",
					"JucePlugin_ManufacturerWebsite=\\\"\\\"",
					"JucePlugin_ManufacturerEmail=\\\"\\\"",
					"JucePlugin_ManufacturerCode=0x4d616e75",
					"JucePlugin_PluginCode=0x556f7462",
					"JucePlugin_IsSynth=0",
					"JucePlugin_WantsMidiInput=0",
					"JucePlugin_ProducesMidiOutput=0",
					"JucePlugin_IsMidiEffect=0",
					"JucePlugin_EditorRequiresKeyboardFocus=0",
					"JucePlugin_Version=1.0.0",
					"JucePlugin_VersionCode=0x10000",
					"JucePlugin_VersionString=\\\"1.0.0\\\"",
					"JucePlugin_VSTUniqueID=JucePlugin_PluginCode",
					"JucePlugin_VSTCategory=kPlugCategEffect",
					"JucePlugin_Vst3Category=\\\"Fx\\\"",
					"JucePlugin_AUMainType=\\'aufx\\'",
					"JucePlugin_AUSubType=JucePlugin_PluginCode",
					"JucePlugin_AUExportPrefix=GuitarAmpPluginAU",
					"JucePlugin_AUExportPrefixQuoted=\\\"GuitarAmpPluginAU\\\"",
					"JucePlugin_AUManufacturerCode=JucePlugin_ManufacturerCode",
					"JucePlugin_CFBundleIdentifier=com.LL.GuitarAmpPlugin",
					"JucePlugin_RTASCategory=0",
					"JucePlugin_RTASManufacturerCode=JucePlugin_ManufacturerCode",
					"JucePlugin_RTASProductId=JucePlugin_PluginCode",
					"JucePlugin_RTASDisableBypass=0",
					"JucePlugin_RTASDisableMultiMono=0",
					"JucePlugin_AAXIdentifier=com.LL.GuitarAmpPlugin",
					"JucePlugin_AAXManufacturerCode=JucePlugin_ManufacturerCode",
					"JucePlugin_AAXProductId=JucePlugin_PluginCode",
					"JucePlugin_AAXCategory=0",
					"JucePlugin_AAXDisableBypass=0",
					"JucePlugin_AAXDisableMultiMono=0",
					"JucePlugin_IAAType=0x61757278",
					"JucePlugin_IAASubType=JucePlugin_PluginCode",
					"JucePlugin_IAAName=\\\"LL:\\ GuitarAmpPlugin\\\"",
					"JucePlugin_VSTNumMidiInputs=16",
					"JucePlugin_VSTNumMidiOutputs=16",
					"JUCE_STANDALONE_APPLICATION=JucePlugin_Build_Standalone",
					"JUCER_XCODE_MAC_F6D2F4CF=1",
					"JUCE_APP_VERSION=1.0.0",
					"JUCE_APP_VERSION_HEX=0x10000",
				);
				GCC_VERSION = com.apple.compilers.llvm.clang.1_0;
				GENERATE_PKGINFO_FILE = YES;
				HEADER_SEARCH_PATHS = (
					"/Users/vedant/Desktop/Programming/JUCE/modules/juce_audio_processors/format_types/VST3_SDK",
					"$(SRCROOT)/../../JuceLibraryCode",
					"/Users/vedant/Desktop/Programming/JUCE/modules",
					"/Users/vedant/Desktop/Programming/JUCE/modules/juce_audio_plugin_client",
					"$(inherited)",
				);
				INFOPLIST_FILE = Info-VST3.plist;
				INFOPLIST_PREPROCESS = NO;
				INSTALL_PATH = "$(HOME)/Library/Audio/Plug-Ins/VST3/";
				LIBRARY_STYLE = Bundle;
				MACOSX_DEPLOYMENT_TARGET = 10.11;
				MTL_HEADER_SEARCH_PATHS = "/Users/vedant/Desktop/Programming/JUCE/modules/juce_audio_processors/format_types/VST3_SDK $(SRCROOT)/../../JuceLibraryCode /Users/vedant/Desktop/Programming/JUCE/modules /Users/vedant/Desktop/Programming/JUCE/modules/juce_audio_plugin_client";
				OTHER_LDFLAGS = "-bundle -lGuitarAmpPlugin";
				PRODUCT_BUNDLE_IDENTIFIER = com.LL.GuitarAmpPlugin;
				PRODUCT_NAME = "GuitarAmpPlugin";
				USE_HEADERMAP = NO;
				VALID_ARCHS = "i386 x86_64 arm64 arm64e";
				WRAPPER_EXTENSION = vst3;
			};
			name = Debug;
		};
		524A357400F9987F7FD6DE5A /* Release */ = {
			isa = XCBuildConfiguration;
			buildSettings = {
				CLANG_CXX_LANGUAGE_STANDARD = "c++14";
				CLANG_CXX_LIBRARY = "libc++";
				CLANG_LINK_OBJC_RUNTIME = NO;
				CODE_SIGN_IDENTITY = "";
				COMBINE_HIDPI_IMAGES = YES;
				CONFIGURATION_BUILD_DIR = "$(PROJECT_DIR)/build/$(CONFIGURATION)";
				DEAD_CODE_STRIPPING = YES;
				EXCLUDED_ARCHS = "";
				GCC_GENERATE_DEBUGGING_SYMBOLS = NO;
				GCC_OPTIMIZATION_LEVEL = 3;
				GCC_PREPROCESSOR_DEFINITIONS = (
					"_NDEBUG=1",
					"NDEBUG=1",
					"JUCE_DISPLAY_SPLASH_SCREEN=1",
					"JUCE_USE_DARK_SPLASH_SCREEN=1",
					"JUCE_PROJUCER_VERSION=0x60105",
					"JUCE_MODULE_AVAILABLE_juce_audio_basics=1",
					"JUCE_MODULE_AVAILABLE_juce_audio_devices=1",
					"JUCE_MODULE_AVAILABLE_juce_audio_formats=1",
					"JUCE_MODULE_AVAILABLE_juce_audio_plugin_client=1",
					"JUCE_MODULE_AVAILABLE_juce_audio_processors=1",
					"JUCE_MODULE_AVAILABLE_juce_audio_utils=1",
					"JUCE_MODULE_AVAILABLE_juce_core=1",
					"JUCE_MODULE_AVAILABLE_juce_data_structures=1",
					"JUCE_MODULE_AVAILABLE_juce_events=1",
					"JUCE_MODULE_AVAILABLE_juce_graphics=1",
					"JUCE_MODULE_AVAILABLE_juce_gui_basics=1",
					"JUCE_MODULE_AVAILABLE_juce_gui_extra=1",
					"JUCE_GLOBAL_MODULE_SETTINGS_INCLUDED=1",
					"JUCE_VST3_CAN_REPLACE_VST2=0",
					"JUCE_STRICT_REFCOUNTEDPOINTER=1",
					"JucePlugin_Build_VST=0",
					"JucePlugin_Build_VST3=0",
					"JucePlugin_Build_AU=0",
					"JucePlugin_Build_AUv3=0",
					"JucePlugin_Build_RTAS=0",
					"JucePlugin_Build_AAX=0",
					"JucePlugin_Build_Standalone=1",
					"JucePlugin_Build_Unity=0",
					"JucePlugin_Enable_IAA=0",
					"JucePlugin_Name=\\\"GuitarAmpPlugin\\\"",
					"JucePlugin_Desc=\\\"GuitarAmpPlugin\\\"",
					"JucePlugin_Manufacturer=\\\"LL\\\"",
					"JucePlugin_ManufacturerWebsite=\\\"\\\"",
					"JucePlugin_ManufacturerEmail=\\\"\\\"",
					"JucePlugin_ManufacturerCode=0x4d616e75",
					"JucePlugin_PluginCode=0x556f7462",
					"JucePlugin_IsSynth=0",
					"JucePlugin_WantsMidiInput=0",
					"JucePlugin_ProducesMidiOutput=0",
					"JucePlugin_IsMidiEffect=0",
					"JucePlugin_EditorRequiresKeyboardFocus=0",
					"JucePlugin_Version=1.0.0",
					"JucePlugin_VersionCode=0x10000",
					"JucePlugin_VersionString=\\\"1.0.0\\\"",
					"JucePlugin_VSTUniqueID=JucePlugin_PluginCode",
					"JucePlugin_VSTCategory=kPlugCategEffect",
					"JucePlugin_Vst3Category=\\\"Fx\\\"",
					"JucePlugin_AUMainType=\\'aufx\\'",
					"JucePlugin_AUSubType=JucePlugin_PluginCode",
					"JucePlugin_AUExportPrefix=GuitarAmpPluginAU",
					"JucePlugin_AUExportPrefixQuoted=\\\"GuitarAmpPluginAU\\\"",
					"JucePlugin_AUManufacturerCode=JucePlugin_ManufacturerCode",
					"JucePlugin_CFBundleIdentifier=com.LL.GuitarAmpPlugin",
					"JucePlugin_RTASCategory=0",
					"JucePlugin_RTASManufacturerCode=JucePlugin_ManufacturerCode",
					"JucePlugin_RTASProductId=JucePlugin_PluginCode",
					"JucePlugin_RTASDisableBypass=0",
					"JucePlugin_RTASDisableMultiMono=0",
					"JucePlugin_AAXIdentifier=com.LL.GuitarAmpPlugin",
					"JucePlugin_AAXManufacturerCode=JucePlugin_ManufacturerCode",
					"JucePlugin_AAXProductId=JucePlugin_PluginCode",
					"JucePlugin_AAXCategory=0",
					"JucePlugin_AAXDisableBypass=0",
					"JucePlugin_AAXDisableMultiMono=0",
					"JucePlugin_IAAType=0x61757278",
					"JucePlugin_IAASubType=JucePlugin_PluginCode",
					"JucePlugin_IAAName=\\\"LL:\\ GuitarAmpPlugin\\\"",
					"JucePlugin_VSTNumMidiInputs=16",
					"JucePlugin_VSTNumMidiOutputs=16",
					"JUCE_STANDALONE_APPLICATION=JucePlugin_Build_Standalone",
					"JUCER_XCODE_MAC_F6D2F4CF=1",
					"JUCE_APP_VERSION=1.0.0",
					"JUCE_APP_VERSION_HEX=0x10000",
				);
				GCC_VERSION = com.apple.compilers.llvm.clang.1_0;
				HEADER_SEARCH_PATHS = (
					"/Users/vedant/Desktop/Programming/JUCE/modules/juce_audio_processors/format_types/VST3_SDK",
					"$(SRCROOT)/../../JuceLibraryCode",
					"/Users/vedant/Desktop/Programming/JUCE/modules",
					"/Users/vedant/Desktop/Programming/JUCE/modules/juce_audio_plugin_client",
					"$(inherited)",
				);
				INFOPLIST_FILE = Info-Standalone_Plugin.plist;
				INFOPLIST_PREPROCESS = NO;
				LLVM_LTO = YES;
				MACOSX_DEPLOYMENT_TARGET = 10.11;
				MTL_HEADER_SEARCH_PATHS = "/Users/vedant/Desktop/Programming/JUCE/modules/juce_audio_processors/format_types/VST3_SDK $(SRCROOT)/../../JuceLibraryCode /Users/vedant/Desktop/Programming/JUCE/modules /Users/vedant/Desktop/Programming/JUCE/modules/juce_audio_plugin_client";
				OTHER_LDFLAGS = "-lGuitarAmpPlugin";
				PRODUCT_BUNDLE_IDENTIFIER = com.LL.GuitarAmpPlugin;
				PRODUCT_NAME = "GuitarAmpPlugin";
				USE_HEADERMAP = NO;
				VALID_ARCHS = "i386 x86_64 arm64 arm64e";
			};
			name = Release;
		};
		79A2F6EF5A79F645C6BFABA3 /* Debug */ = {
			isa = XCBuildConfiguration;
			buildSettings = {
				MACOSX_DEPLOYMENT_TARGET = 10.11;
				SDKROOT = macosx;
			};
			name = Debug;
		};
		823376022EE780ADEED59332 /* Release */ = {
			isa = XCBuildConfiguration;
			buildSettings = {
				CLANG_CXX_LANGUAGE_STANDARD = "c++14";
				CLANG_CXX_LIBRARY = "libc++";
				CLANG_LINK_OBJC_RUNTIME = NO;
				CODE_SIGN_IDENTITY = "";
				COMBINE_HIDPI_IMAGES = YES;
				CONFIGURATION_BUILD_DIR = "$(PROJECT_DIR)/build/$(CONFIGURATION)";
				DEAD_CODE_STRIPPING = YES;
				EXCLUDED_ARCHS = "";
				GCC_GENERATE_DEBUGGING_SYMBOLS = NO;
				GCC_OPTIMIZATION_LEVEL = 3;
				GCC_PREPROCESSOR_DEFINITIONS = (
					"_NDEBUG=1",
					"NDEBUG=1",
					"JUCE_DISPLAY_SPLASH_SCREEN=1",
					"JUCE_USE_DARK_SPLASH_SCREEN=1",
					"JUCE_PROJUCER_VERSION=0x60105",
					"JUCE_MODULE_AVAILABLE_juce_audio_basics=1",
					"JUCE_MODULE_AVAILABLE_juce_audio_devices=1",
					"JUCE_MODULE_AVAILABLE_juce_audio_formats=1",
					"JUCE_MODULE_AVAILABLE_juce_audio_plugin_client=1",
					"JUCE_MODULE_AVAILABLE_juce_audio_processors=1",
					"JUCE_MODULE_AVAILABLE_juce_audio_utils=1",
					"JUCE_MODULE_AVAILABLE_juce_core=1",
					"JUCE_MODULE_AVAILABLE_juce_data_structures=1",
					"JUCE_MODULE_AVAILABLE_juce_events=1",
					"JUCE_MODULE_AVAILABLE_juce_graphics=1",
					"JUCE_MODULE_AVAILABLE_juce_gui_basics=1",
					"JUCE_MODULE_AVAILABLE_juce_gui_extra=1",
					"JUCE_GLOBAL_MODULE_SETTINGS_INCLUDED=1",
					"JUCE_VST3_CAN_REPLACE_VST2=0",
					"JUCE_STRICT_REFCOUNTEDPOINTER=1",
					"JucePlugin_Build_VST=0",
					"JucePlugin_Build_VST3=1",
					"JucePlugin_Build_AU=1",
					"JucePlugin_Build_AUv3=0",
					"JucePlugin_Build_RTAS=0",
					"JucePlugin_Build_AAX=0",
					"JucePlugin_Build_Standalone=1",
					"JucePlugin_Build_Unity=0",
					"JucePlugin_Enable_IAA=0",
					"JucePlugin_Name=\\\"GuitarAmpPlugin\\\"",
					"JucePlugin_Desc=\\\"GuitarAmpPlugin\\\"",
					"JucePlugin_Manufacturer=\\\"LL\\\"",
					"JucePlugin_ManufacturerWebsite=\\\"\\\"",
					"JucePlugin_ManufacturerEmail=\\\"\\\"",
					"JucePlugin_ManufacturerCode=0x4d616e75",
					"JucePlugin_PluginCode=0x556f7462",
					"JucePlugin_IsSynth=0",
					"JucePlugin_WantsMidiInput=0",
					"JucePlugin_ProducesMidiOutput=0",
					"JucePlugin_IsMidiEffect=0",
					"JucePlugin_EditorRequiresKeyboardFocus=0",
					"JucePlugin_Version=1.0.0",
					"JucePlugin_VersionCode=0x10000",
					"JucePlugin_VersionString=\\\"1.0.0\\\"",
					"JucePlugin_VSTUniqueID=JucePlugin_PluginCode",
					"JucePlugin_VSTCategory=kPlugCategEffect",
					"JucePlugin_Vst3Category=\\\"Fx\\\"",
					"JucePlugin_AUMainType=\\'aufx\\'",
					"JucePlugin_AUSubType=JucePlugin_PluginCode",
					"JucePlugin_AUExportPrefix=GuitarAmpPluginAU",
					"JucePlugin_AUExportPrefixQuoted=\\\"GuitarAmpPluginAU\\\"",
					"JucePlugin_AUManufacturerCode=JucePlugin_ManufacturerCode",
					"JucePlugin_CFBundleIdentifier=com.LL.GuitarAmpPlugin",
					"JucePlugin_RTASCategory=0",
					"JucePlugin_RTASManufacturerCode=JucePlugin_ManufacturerCode",
					"JucePlugin_RTASProductId=JucePlugin_PluginCode",
					"JucePlugin_RTASDisableBypass=0",
					"JucePlugin_RTASDisableMultiMono=0",
					"JucePlugin_AAXIdentifier=com.LL.GuitarAmpPlugin",
					"JucePlugin_AAXManufacturerCode=JucePlugin_ManufacturerCode",
					"JucePlugin_AAXProductId=JucePlugin_PluginCode",
					"JucePlugin_AAXCategory=0",
					"JucePlugin_AAXDisableBypass=0",
					"JucePlugin_AAXDisableMultiMono=0",
					"JucePlugin_IAAType=0x61757278",
					"JucePlugin_IAASubType=JucePlugin_PluginCode",
					"JucePlugin_IAAName=\\\"LL:\\ GuitarAmpPlugin\\\"",
					"JucePlugin_VSTNumMidiInputs=16",
					"JucePlugin_VSTNumMidiOutputs=16",
					"JUCE_STANDALONE_APPLICATION=JucePlugin_Build_Standalone",
					"JUCER_XCODE_MAC_F6D2F4CF=1",
					"JUCE_APP_VERSION=1.0.0",
					"JUCE_APP_VERSION_HEX=0x10000",
					"JUCE_SHARED_CODE=1",
				);
				GCC_VERSION = com.apple.compilers.llvm.clang.1_0;
				HEADER_SEARCH_PATHS = (
					"/Users/vedant/Desktop/Programming/JUCE/modules/juce_audio_processors/format_types/VST3_SDK",
					"$(SRCROOT)/../../JuceLibraryCode",
					"/Users/vedant/Desktop/Programming/JUCE/modules",
					"/Users/vedant/Desktop/Programming/JUCE/modules/juce_audio_plugin_client",
					"$(inherited)",
				);
				INSTALL_PATH = "@executable_path/../Frameworks";
				LLVM_LTO = YES;
				MACOSX_DEPLOYMENT_TARGET = 10.11;
				MTL_HEADER_SEARCH_PATHS = "/Users/vedant/Desktop/Programming/JUCE/modules/juce_audio_processors/format_types/VST3_SDK $(SRCROOT)/../../JuceLibraryCode /Users/vedant/Desktop/Programming/JUCE/modules /Users/vedant/Desktop/Programming/JUCE/modules/juce_audio_plugin_client";
				PRODUCT_BUNDLE_IDENTIFIER = com.LL.GuitarAmpPlugin;
				PRODUCT_NAME = "GuitarAmpPlugin";
				SKIP_INSTALL = YES;
				USE_HEADERMAP = NO;
				VALID_ARCHS = "i386 x86_64 arm64 arm64e";
			};
			name = Release;
		};
		A4362E6B8BE7639E8A0106CD /* Debug */ = {
			isa = XCBuildConfiguration;
			buildSettings = {
				ALWAYS_SEARCH_USER_PATHS = NO;
				CLANG_ENABLE_OBJC_WEAK = YES;
				CLANG_WARN_BLOCK_CAPTURE_AUTORELEASING = YES;
				CLANG_WARN_BOOL_CONVERSION = YES;
				CLANG_WARN_COMMA = YES;
				CLANG_WARN_CONSTANT_CONVERSION = YES;
				CLANG_WARN_DEPRECATED_OBJC_IMPLEMENTATIONS = YES;
				CLANG_WARN_EMPTY_BODY = YES;
				CLANG_WARN_ENUM_CONVERSION = YES;
				CLANG_WARN_INFINITE_RECURSION = YES;
				CLANG_WARN_INT_CONVERSION = YES;
				CLANG_WARN_NON_LITERAL_NULL_CONVERSION = YES;
				CLANG_WARN_OBJC_IMPLICIT_RETAIN_SELF = YES;
				CLANG_WARN_OBJC_LITERAL_CONVERSION = YES;
				CLANG_WARN_RANGE_LOOP_ANALYSIS = YES;
				CLANG_WARN_STRICT_PROTOTYPES = YES;
				CLANG_WARN_SUSPICIOUS_MOVE = YES;
				CLANG_WARN_UNREACHABLE_CODE = YES;
				CLANG_WARN__DUPLICATE_METHOD_MATCH = YES;
				CODE_SIGN_IDENTITY = "";
				DEBUG_INFORMATION_FORMAT = dwarf;
				ENABLE_STRICT_OBJC_MSGSEND = YES;
				ENABLE_TESTABILITY = NO;
				GCC_C_LANGUAGE_STANDARD = c11;
				GCC_INLINES_ARE_PRIVATE_EXTERN = YES;
				GCC_MODEL_TUNING = G5;
				GCC_NO_COMMON_BLOCKS = YES;
				GCC_SYMBOLS_PRIVATE_EXTERN = YES;
				GCC_WARN_64_TO_32_BIT_CONVERSION = YES;
				GCC_WARN_ABOUT_RETURN_TYPE = YES;
				GCC_WARN_CHECK_SWITCH_STATEMENTS = YES;
				GCC_WARN_MISSING_PARENTHESES = YES;
				GCC_WARN_NON_VIRTUAL_DESTRUCTOR = YES;
				GCC_WARN_TYPECHECK_CALLS_TO_PRINTF = YES;
				GCC_WARN_UNDECLARED_SELECTOR = YES;
				GCC_WARN_UNINITIALIZED_AUTOS = YES;
				GCC_WARN_UNUSED_FUNCTION = YES;
				GCC_WARN_UNUSED_VARIABLE = YES;
				ONLY_ACTIVE_ARCH = YES;
				PRODUCT_NAME = "GuitarAmpPlugin";
				SDKROOT = macosx;
				WARNING_CFLAGS = "-Wreorder";
				ZERO_LINK = NO;
			};
			name = Debug;
		};
		B08C992F32257D4B549734A8 /* Release */ = {
			isa = XCBuildConfiguration;
			buildSettings = {
				MACOSX_DEPLOYMENT_TARGET = 10.11;
				SDKROOT = macosx;
			};
			name = Release;
		};
		C9EA58FB85CAD4E1AE903217 /* Debug */ = {
			isa = XCBuildConfiguration;
			buildSettings = {
				CLANG_CXX_LANGUAGE_STANDARD = "c++14";
				CLANG_CXX_LIBRARY = "libc++";
				CLANG_LINK_OBJC_RUNTIME = NO;
				CODE_SIGN_IDENTITY = "";
				COMBINE_HIDPI_IMAGES = YES;
				CONFIGURATION_BUILD_DIR = "$(PROJECT_DIR)/build/$(CONFIGURATION)";
				COPY_PHASE_STRIP = NO;
				EXCLUDED_ARCHS = "";
				GCC_DYNAMIC_NO_PIC = NO;
				GCC_OPTIMIZATION_LEVEL = 0;
				GCC_PREPROCESSOR_DEFINITIONS = (
					"_DEBUG=1",
					"DEBUG=1",
					"JUCE_DISPLAY_SPLASH_SCREEN=1",
					"JUCE_USE_DARK_SPLASH_SCREEN=1",
					"JUCE_PROJUCER_VERSION=0x60105",
					"JUCE_MODULE_AVAILABLE_juce_audio_basics=1",
					"JUCE_MODULE_AVAILABLE_juce_audio_devices=1",
					"JUCE_MODULE_AVAILABLE_juce_audio_formats=1",
					"JUCE_MODULE_AVAILABLE_juce_audio_plugin_client=1",
					"JUCE_MODULE_AVAILABLE_juce_audio_processors=1",
					"JUCE_MODULE_AVAILABLE_juce_audio_utils=1",
					"JUCE_MODULE_AVAILABLE_juce_core=1",
					"JUCE_MODULE_AVAILABLE_juce_data_structures=1",
					"JUCE_MODULE_AVAILABLE_juce_events=1",
					"JUCE_MODULE_AVAILABLE_juce_graphics=1",
					"JUCE_MODULE_AVAILABLE_juce_gui_basics=1",
					"JUCE_MODULE_AVAILABLE_juce_gui_extra=1",
					"JUCE_GLOBAL_MODULE_SETTINGS_INCLUDED=1",
					"JUCE_VST3_CAN_REPLACE_VST2=0",
					"JUCE_STRICT_REFCOUNTEDPOINTER=1",
					"JucePlugin_Build_VST=0",
					"JucePlugin_Build_VST3=1",
					"JucePlugin_Build_AU=1",
					"JucePlugin_Build_AUv3=0",
					"JucePlugin_Build_RTAS=0",
					"JucePlugin_Build_AAX=0",
					"JucePlugin_Build_Standalone=1",
					"JucePlugin_Build_Unity=0",
					"JucePlugin_Enable_IAA=0",
					"JucePlugin_Name=\\\"GuitarAmpPlugin\\\"",
					"JucePlugin_Desc=\\\"GuitarAmpPlugin\\\"",
					"JucePlugin_Manufacturer=\\\"LL\\\"",
					"JucePlugin_ManufacturerWebsite=\\\"\\\"",
					"JucePlugin_ManufacturerEmail=\\\"\\\"",
					"JucePlugin_ManufacturerCode=0x4d616e75",
					"JucePlugin_PluginCode=0x556f7462",
					"JucePlugin_IsSynth=0",
					"JucePlugin_WantsMidiInput=0",
					"JucePlugin_ProducesMidiOutput=0",
					"JucePlugin_IsMidiEffect=0",
					"JucePlugin_EditorRequiresKeyboardFocus=0",
					"JucePlugin_Version=1.0.0",
					"JucePlugin_VersionCode=0x10000",
					"JucePlugin_VersionString=\\\"1.0.0\\\"",
					"JucePlugin_VSTUniqueID=JucePlugin_PluginCode",
					"JucePlugin_VSTCategory=kPlugCategEffect",
					"JucePlugin_Vst3Category=\\\"Fx\\\"",
					"JucePlugin_AUMainType=\\'aufx\\'",
					"JucePlugin_AUSubType=JucePlugin_PluginCode",
					"JucePlugin_AUExportPrefix=GuitarAmpPluginAU",
					"JucePlugin_AUExportPrefixQuoted=\\\"GuitarAmpPluginAU\\\"",
					"JucePlugin_AUManufacturerCode=JucePlugin_ManufacturerCode",
					"JucePlugin_CFBundleIdentifier=com.LL.GuitarAmpPlugin",
					"JucePlugin_RTASCategory=0",
					"JucePlugin_RTASManufacturerCode=JucePlugin_ManufacturerCode",
					"JucePlugin_RTASProductId=JucePlugin_PluginCode",
					"JucePlugin_RTASDisableBypass=0",
					"JucePlugin_RTASDisableMultiMono=0",
					"JucePlugin_AAXIdentifier=com.LL.GuitarAmpPlugin",
					"JucePlugin_AAXManufacturerCode=JucePlugin_ManufacturerCode",
					"JucePlugin_AAXProductId=JucePlugin_PluginCode",
					"JucePlugin_AAXCategory=0",
					"JucePlugin_AAXDisableBypass=0",
					"JucePlugin_AAXDisableMultiMono=0",
					"JucePlugin_IAAType=0x61757278",
					"JucePlugin_IAASubType=JucePlugin_PluginCode",
					"JucePlugin_IAAName=\\\"LL:\\ GuitarAmpPlugin\\\"",
					"JucePlugin_VSTNumMidiInputs=16",
					"JucePlugin_VSTNumMidiOutputs=16",
					"JUCE_STANDALONE_APPLICATION=JucePlugin_Build_Standalone",
					"JUCER_XCODE_MAC_F6D2F4CF=1",
					"JUCE_APP_VERSION=1.0.0",
					"JUCE_APP_VERSION_HEX=0x10000",
					"JUCE_SHARED_CODE=1",
				);
				GCC_VERSION = com.apple.compilers.llvm.clang.1_0;
				HEADER_SEARCH_PATHS = (
					"/Users/vedant/Desktop/Programming/JUCE/modules/juce_audio_processors/format_types/VST3_SDK",
					"$(SRCROOT)/../../JuceLibraryCode",
					"/Users/vedant/Desktop/Programming/JUCE/modules",
					"/Users/vedant/Desktop/Programming/JUCE/modules/juce_audio_plugin_client",
					"$(inherited)",
				);
				INSTALL_PATH = "@executable_path/../Frameworks";
				MACOSX_DEPLOYMENT_TARGET = 10.11;
				MTL_HEADER_SEARCH_PATHS = "/Users/vedant/Desktop/Programming/JUCE/modules/juce_audio_processors/format_types/VST3_SDK $(SRCROOT)/../../JuceLibraryCode /Users/vedant/Desktop/Programming/JUCE/modules /Users/vedant/Desktop/Programming/JUCE/modules/juce_audio_plugin_client";
				PRODUCT_BUNDLE_IDENTIFIER = com.LL.GuitarAmpPlugin;
				PRODUCT_NAME = "GuitarAmpPlugin";
				SKIP_INSTALL = YES;
				USE_HEADERMAP = NO;
				VALID_ARCHS = "i386 x86_64 arm64 arm64e";
			};
			name = Debug;
		};
/* End XCBuildConfiguration section */

/* Begin XCConfigurationList section */
		09A0C6ECE1B98C69B41AF643 = {
			isa = XCConfigurationList;
			buildConfigurations = (
				17C985C46986BA53BFDE28A0,
				A4362E6B8BE7639E8A0106CD,
			);
			defaultConfigurationIsVisible = 0;
			defaultConfigurationName = Debug;
		};
		20163C43A0E7C991C8576E65 = {
			isa = XCConfigurationList;
			buildConfigurations = (
				36DF51765415E34FC5C1C9F2,
				524A357400F9987F7FD6DE5A,
			);
			defaultConfigurationIsVisible = 0;
			defaultConfigurationName = Debug;
		};
		3755E1011F0D8487EA832D92 = {
			isa = XCConfigurationList;
			buildConfigurations = (
				40F29AD025715EFFE806E423,
				0851DB6860548A22971B444D,
			);
			defaultConfigurationIsVisible = 0;
			defaultConfigurationName = Debug;
		};
		AD2E37D662280382EB45CF09 = {
			isa = XCConfigurationList;
			buildConfigurations = (
				C9EA58FB85CAD4E1AE903217,
				823376022EE780ADEED59332,
			);
			defaultConfigurationIsVisible = 0;
			defaultConfigurationName = Debug;
		};
		B528F4B37853F15AF2D58F35 = {
			isa = XCConfigurationList;
			buildConfigurations = (
				79A2F6EF5A79F645C6BFABA3,
				B08C992F32257D4B549734A8,
			);
			defaultConfigurationIsVisible = 0;
			defaultConfigurationName = Debug;
		};
		C480F6A4B600DA7DDA009928 = {
			isa = XCConfigurationList;
			buildConfigurations = (
				3424B38DC7326D95AA17E1BD,
				226996DC0FC7B8AF50B09C85,
			);
			defaultConfigurationIsVisible = 0;
			defaultConfigurationName = Debug;
		};
/* End XCConfigurationList section */
	};
	rootObject = 4E7A57510BC21B4AF2B52FB6 /* Project object */;
}
