
Microsoft Visual Studio Solution File, Format Version 11.00
# Visual Studio Version 17

Project("{8BC9CEB8-8B4A-11D0-8D11-00A0C91BC942}") = "ProcessorGraphTest - Standalone Plugin", "ProcessorGraphTest_StandalonePlugin.vcxproj", "{BD2AE40C-6B3E-ADCA-3530-D741558E8FB7}"
	ProjectSection(ProjectDependencies) = postProject
		{ECE2B062-946D-53BB-F40C-80EE777484F9} = {ECE2B062-946D-53BB-F40C-80EE777484F9}
	EndProjectSection
EndProject
Project("{8BC9CEB8-8B4A-11D0-8D11-00A0C91BC942}") = "ProcessorGraphTest - VST3", "ProcessorGraphTest_VST3.vcxproj", "{9CF4F508-A72B-7063-62E6-CF4540CCE622}"
	ProjectSection(ProjectDependencies) = postProject
		{ECE2B062-946D-53BB-F40C-80EE777484F9} = {ECE2B062-946D-53BB-F40C-80EE777484F9}
	EndProjectSection
EndProject
Project("{8BC9CEB8-8B4A-11D0-8D11-00A0C91BC942}") = "ProcessorGraphTest - Shared Code", "ProcessorGraphTest_SharedCode.vcxproj", "{ECE2B062-946D-53BB-F40C-80EE777484F9}"
EndProject
Global
	GlobalSection(SolutionConfigurationPlatforms) = preSolution
		Debug|x64 = Debug|x64
		Release|x64 = Release|x64
	EndGlobalSection
	GlobalSection(ProjectConfigurationPlatforms) = postSolution
		{9CF4F508-A72B-7063-62E6-CF4540CCE622}.Debug|x64.ActiveCfg = Debug|x64
		{9CF4F508-A72B-7063-62E6-CF4540CCE622}.Debug|x64.Build.0 = Debug|x64
		{9CF4F508-A72B-7063-62E6-CF4540CCE622}.Release|x64.ActiveCfg = Release|x64
		{9CF4F508-A72B-7063-62E6-CF4540CCE622}.Release|x64.Build.0 = Release|x64
		{BD2AE40C-6B3E-ADCA-3530-D741558E8FB7}.Debug|x64.ActiveCfg = Debug|x64
		{BD2AE40C-6B3E-ADCA-3530-D741558E8FB7}.Debug|x64.Build.0 = Debug|x64
		{BD2AE40C-6B3E-ADCA-3530-D741558E8FB7}.Release|x64.ActiveCfg = Release|x64
		{BD2AE40C-6B3E-ADCA-3530-D741558E8FB7}.Release|x64.Build.0 = Release|x64
		{ECE2B062-946D-53BB-F40C-80EE777484F9}.Debug|x64.ActiveCfg = Debug|x64
		{ECE2B062-946D-53BB-F40C-80EE777484F9}.Debug|x64.Build.0 = Debug|x64
		{ECE2B062-946D-53BB-F40C-80EE777484F9}.Release|x64.ActiveCfg = Release|x64
		{ECE2B062-946D-53BB-F40C-80EE777484F9}.Release|x64.Build.0 = Release|x64
	EndGlobalSection
	GlobalSection(SolutionProperties) = preSolution
		HideSolutionNode = FALSE
	EndGlobalSection
EndGlobal
